// !$*UTF8*$!
{
	archiveVersion = 1;
	classes = {
	};
	objectVersion = 46;
	objects = {

/* Begin PBXBuildFile section */
		1D60589B0D05DD56006BFB54 /* main.m in Sources */ = {isa = PBXBuildFile; fileRef = 29B97316FDCFA39411CA2CEA /* main.m */; };
		1D60589F0D05DD5A006BFB54 /* Foundation.framework in Frameworks */ = {isa = PBXBuildFile; fileRef = 1D30AB110D05D00D00671497 /* Foundation.framework */; };
		1DF5F4E00D08C38300B7A737 /* UIKit.framework in Frameworks */ = {isa = PBXBuildFile; fileRef = 1DF5F4DF0D08C38300B7A737 /* UIKit.framework */; };
		288765FD0DF74451002DB57D /* CoreGraphics.framework in Frameworks */ = {isa = PBXBuildFile; fileRef = 288765FC0DF74451002DB57D /* CoreGraphics.framework */; };
		C329A01813CFB878001928A5 /* QuartzCore.framework in Frameworks */ = {isa = PBXBuildFile; fileRef = C329A01713CFB878001928A5 /* QuartzCore.framework */; };
		C329A01A13CFB881001928A5 /* CoreLocation.framework in Frameworks */ = {isa = PBXBuildFile; fileRef = C329A01913CFB880001928A5 /* CoreLocation.framework */; };
		C329A01C13CFB888001928A5 /* SystemConfiguration.framework in Frameworks */ = {isa = PBXBuildFile; fileRef = C329A01B13CFB888001928A5 /* SystemConfiguration.framework */; };
		C329A01E13CFB88F001928A5 /* MapKit.framework in Frameworks */ = {isa = PBXBuildFile; fileRef = C329A01D13CFB88F001928A5 /* MapKit.framework */; };
		C329A02013CFB8A2001928A5 /* CFNetwork.framework in Frameworks */ = {isa = PBXBuildFile; fileRef = C329A01F13CFB8A2001928A5 /* CFNetwork.framework */; };
		C329A02213CFB8A9001928A5 /* MessageUI.framework in Frameworks */ = {isa = PBXBuildFile; fileRef = C329A02113CFB8A9001928A5 /* MessageUI.framework */; };
		C32EBE3E180A33BF006A9C53 /* AppDelegate.m in Sources */ = {isa = PBXBuildFile; fileRef = C32EBE3D180A33BF006A9C53 /* AppDelegate.m */; };
		C32EBE42180A34C9006A9C53 /* MainScreen.m in Sources */ = {isa = PBXBuildFile; fileRef = C32EBE40180A34C9006A9C53 /* MainScreen.m */; };
		C32EBE43180A34C9006A9C53 /* MainScreen.xib in Resources */ = {isa = PBXBuildFile; fileRef = C32EBE41180A34C9006A9C53 /* MainScreen.xib */; };
		C32EBE46180A34E3006A9C53 /* Calendar.m in Sources */ = {isa = PBXBuildFile; fileRef = C32EBE45180A34E3006A9C53 /* Calendar.m */; };
		C32EBE50180A351B006A9C53 /* HolidayJSONDataSource.m in Sources */ = {isa = PBXBuildFile; fileRef = C32EBE4D180A351B006A9C53 /* HolidayJSONDataSource.m */; settings = {COMPILER_FLAGS = "-fno-objc-arc"; }; };
		C32EBE51180A351B006A9C53 /* HolidaysDetailViewController.m in Sources */ = {isa = PBXBuildFile; fileRef = C32EBE4F180A351B006A9C53 /* HolidaysDetailViewController.m */; settings = {COMPILER_FLAGS = "-fno-objc-arc"; }; };
		C32EBE58180A352A006A9C53 /* CalendarDetailPad.m in Sources */ = {isa = PBXBuildFile; fileRef = C32EBE53180A352A006A9C53 /* CalendarDetailPad.m */; };
		C32EBE59180A352A006A9C53 /* CalendarDetailPad.xib in Resources */ = {isa = PBXBuildFile; fileRef = C32EBE54180A352A006A9C53 /* CalendarDetailPad.xib */; };
		C32EBE5A180A352A006A9C53 /* CalendarDetailPhone.m in Sources */ = {isa = PBXBuildFile; fileRef = C32EBE56180A352A006A9C53 /* CalendarDetailPhone.m */; };
		C32EBE5B180A352A006A9C53 /* CalendarDetailPhone.xib in Resources */ = {isa = PBXBuildFile; fileRef = C32EBE57180A352A006A9C53 /* CalendarDetailPhone.xib */; };
		C32EBE61180A3556006A9C53 /* AdoptAnnotation.m in Sources */ = {isa = PBXBuildFile; fileRef = C32EBE5D180A3556006A9C53 /* AdoptAnnotation.m */; };
		C32EBE62180A3556006A9C53 /* Map.m in Sources */ = {isa = PBXBuildFile; fileRef = C32EBE5F180A3556006A9C53 /* Map.m */; };
		C32EBE63180A3556006A9C53 /* Map.xib in Resources */ = {isa = PBXBuildFile; fileRef = C32EBE60180A3556006A9C53 /* Map.xib */; };
		C32EBE6A180A356F006A9C53 /* FlashCardsVCiPad.m in Sources */ = {isa = PBXBuildFile; fileRef = C32EBE65180A356F006A9C53 /* FlashCardsVCiPad.m */; };
		C32EBE6B180A356F006A9C53 /* FlashCardsVCiPad.xib in Resources */ = {isa = PBXBuildFile; fileRef = C32EBE66180A356F006A9C53 /* FlashCardsVCiPad.xib */; };
		C32EBE6C180A356F006A9C53 /* FlashCardsViewController.m in Sources */ = {isa = PBXBuildFile; fileRef = C32EBE68180A356F006A9C53 /* FlashCardsViewController.m */; };
		C32EBE6D180A356F006A9C53 /* FlashCardsViewController.xib in Resources */ = {isa = PBXBuildFile; fileRef = C32EBE69180A356F006A9C53 /* FlashCardsViewController.xib */; };
		C32EBE76180A358A006A9C53 /* CreateCardsVCiPad.m in Sources */ = {isa = PBXBuildFile; fileRef = C32EBE6F180A358A006A9C53 /* CreateCardsVCiPad.m */; };
		C32EBE77180A358A006A9C53 /* CreateCardsVCiPad.xib in Resources */ = {isa = PBXBuildFile; fileRef = C32EBE70180A358A006A9C53 /* CreateCardsVCiPad.xib */; };
		C32EBE78180A358A006A9C53 /* CreateCardViewController.m in Sources */ = {isa = PBXBuildFile; fileRef = C32EBE72180A358A006A9C53 /* CreateCardViewController.m */; };
		C32EBE79180A358A006A9C53 /* CreateCardViewController.xib in Resources */ = {isa = PBXBuildFile; fileRef = C32EBE73180A358A006A9C53 /* CreateCardViewController.xib */; };
		C32EBE7A180A358A006A9C53 /* FlashCard.m in Sources */ = {isa = PBXBuildFile; fileRef = C32EBE75180A358A006A9C53 /* FlashCard.m */; };
		C32EBE84180A35A0006A9C53 /* DidYouKnow.m in Sources */ = {isa = PBXBuildFile; fileRef = C32EBE7C180A35A0006A9C53 /* DidYouKnow.m */; };
		C32EBE85180A35A0006A9C53 /* DidYouKnow.xib in Resources */ = {isa = PBXBuildFile; fileRef = C32EBE7D180A35A0006A9C53 /* DidYouKnow.xib */; };
		C32EBE86180A35A0006A9C53 /* DYKiPad.m in Sources */ = {isa = PBXBuildFile; fileRef = C32EBE7F180A35A0006A9C53 /* DYKiPad.m */; };
		C32EBE87180A35A0006A9C53 /* DYKiPad.xib in Resources */ = {isa = PBXBuildFile; fileRef = C32EBE80180A35A0006A9C53 /* DYKiPad.xib */; };
		C32EBE88180A35A0006A9C53 /* GamesIndex.m in Sources */ = {isa = PBXBuildFile; fileRef = C32EBE82180A35A0006A9C53 /* GamesIndex.m */; };
		C32EBE89180A35A0006A9C53 /* GamesIndex.xib in Resources */ = {isa = PBXBuildFile; fileRef = C32EBE83180A35A0006A9C53 /* GamesIndex.xib */; };
		C32EBE90180A35CC006A9C53 /* Info.m in Sources */ = {isa = PBXBuildFile; fileRef = C32EBE8B180A35CC006A9C53 /* Info.m */; };
		C32EBE91180A35CC006A9C53 /* Info.xib in Resources */ = {isa = PBXBuildFile; fileRef = C32EBE8C180A35CC006A9C53 /* Info.xib */; };
		C32EBE92180A35CC006A9C53 /* Sports.m in Sources */ = {isa = PBXBuildFile; fileRef = C32EBE8E180A35CC006A9C53 /* Sports.m */; };
		C32EBE93180A35CC006A9C53 /* Sports.xib in Resources */ = {isa = PBXBuildFile; fileRef = C32EBE8F180A35CC006A9C53 /* Sports.xib */; };
		C32EBE9A180A35DD006A9C53 /* CampusMinistry.m in Sources */ = {isa = PBXBuildFile; fileRef = C32EBE95180A35DD006A9C53 /* CampusMinistry.m */; };
		C32EBE9B180A35DD006A9C53 /* CampusMinistry.xib in Resources */ = {isa = PBXBuildFile; fileRef = C32EBE96180A35DD006A9C53 /* CampusMinistry.xib */; };
		C32EBE9C180A35DD006A9C53 /* MoreResources.m in Sources */ = {isa = PBXBuildFile; fileRef = C32EBE98180A35DD006A9C53 /* MoreResources.m */; };
		C32EBE9D180A35DD006A9C53 /* MoreResources.xib in Resources */ = {isa = PBXBuildFile; fileRef = C32EBE99180A35DD006A9C53 /* MoreResources.xib */; };
		C32EBEA0180A35FF006A9C53 /* MKTickerView.m in Sources */ = {isa = PBXBuildFile; fileRef = C32EBE9F180A35FF006A9C53 /* MKTickerView.m */; settings = {COMPILER_FLAGS = "-fno-objc-arc"; }; };
		C32EBEA7180A3615006A9C53 /* PBWebViewController.m in Sources */ = {isa = PBXBuildFile; fileRef = C32EBEA2180A3615006A9C53 /* PBWebViewController.m */; };
		C32EBEA8180A3615006A9C53 /* Safari@2x~ipad.png in Resources */ = {isa = PBXBuildFile; fileRef = C32EBEA3180A3615006A9C53 /* Safari@2x~ipad.png */; };
		C32EBEA9180A3615006A9C53 /* Safari@2x~iphone.png in Resources */ = {isa = PBXBuildFile; fileRef = C32EBEA4180A3615006A9C53 /* Safari@2x~iphone.png */; };
		C32EBEAA180A3615006A9C53 /* Safari~ipad.png in Resources */ = {isa = PBXBuildFile; fileRef = C32EBEA5180A3615006A9C53 /* Safari~ipad.png */; };
		C32EBEAB180A3615006A9C53 /* Safari~iphone.png in Resources */ = {isa = PBXBuildFile; fileRef = C32EBEA6180A3615006A9C53 /* Safari~iphone.png */; };
		C32EBEB9180A3638006A9C53 /* NSObject+SBJSON.m in Sources */ = {isa = PBXBuildFile; fileRef = C32EBEAE180A3638006A9C53 /* NSObject+SBJSON.m */; settings = {COMPILER_FLAGS = "-fno-objc-arc"; }; };
		C32EBEBA180A3638006A9C53 /* NSString+SBJSON.m in Sources */ = {isa = PBXBuildFile; fileRef = C32EBEB0180A3638006A9C53 /* NSString+SBJSON.m */; settings = {COMPILER_FLAGS = "-fno-objc-arc"; }; };
		C32EBEBB180A3638006A9C53 /* SBJSON.m in Sources */ = {isa = PBXBuildFile; fileRef = C32EBEB2180A3638006A9C53 /* SBJSON.m */; settings = {COMPILER_FLAGS = "-fno-objc-arc"; }; };
		C32EBEBC180A3638006A9C53 /* SBJsonBase.m in Sources */ = {isa = PBXBuildFile; fileRef = C32EBEB4180A3638006A9C53 /* SBJsonBase.m */; settings = {COMPILER_FLAGS = "-fno-objc-arc"; }; };
		C32EBEBD180A3638006A9C53 /* SBJsonParser.m in Sources */ = {isa = PBXBuildFile; fileRef = C32EBEB6180A3638006A9C53 /* SBJsonParser.m */; settings = {COMPILER_FLAGS = "-fno-objc-arc"; }; };
		C32EBEBE180A3638006A9C53 /* SBJsonWriter.m in Sources */ = {isa = PBXBuildFile; fileRef = C32EBEB8180A3638006A9C53 /* SBJsonWriter.m */; settings = {COMPILER_FLAGS = "-fno-objc-arc"; }; };
		C32EBEC3180A364B006A9C53 /* Appirater.m in Sources */ = {isa = PBXBuildFile; fileRef = C32EBEC0180A364B006A9C53 /* Appirater.m */; settings = {COMPILER_FLAGS = "-fno-objc-arc"; }; };
		C32EBEC8180A365B006A9C53 /* GradientButton.m in Sources */ = {isa = PBXBuildFile; fileRef = C32EBEC6180A365B006A9C53 /* GradientButton.m */; };
		C32EBEC9180A365B006A9C53 /* GradientButton.xib in Resources */ = {isa = PBXBuildFile; fileRef = C32EBEC7180A365B006A9C53 /* GradientButton.xib */; };
		C32EBED0180A3673006A9C53 /* Info-iPad.m in Sources */ = {isa = PBXBuildFile; fileRef = C32EBECB180A3673006A9C53 /* Info-iPad.m */; };
		C32EBED1180A3673006A9C53 /* Info-iPad.xib in Resources */ = {isa = PBXBuildFile; fileRef = C32EBECC180A3673006A9C53 /* Info-iPad.xib */; };
		C32EBED2180A3673006A9C53 /* MainScreeniPad.m in Sources */ = {isa = PBXBuildFile; fileRef = C32EBECE180A3673006A9C53 /* MainScreeniPad.m */; };
		C32EBED3180A3673006A9C53 /* MainScreeniPad.xib in Resources */ = {isa = PBXBuildFile; fileRef = C32EBECF180A3673006A9C53 /* MainScreeniPad.xib */; };
		C32EBED8180A3778006A9C53 /* NSURL+SLUHCustom.m in Sources */ = {isa = PBXBuildFile; fileRef = C32EBED5180A3778006A9C53 /* NSURL+SLUHCustom.m */; };
		C32EBED9180A3778006A9C53 /* UIColor+SLUHCustom.m in Sources */ = {isa = PBXBuildFile; fileRef = C32EBED7180A3778006A9C53 /* UIColor+SLUHCustom.m */; };
		C32EBEE0180A3782006A9C53 /* Convenience.m in Sources */ = {isa = PBXBuildFile; fileRef = C32EBEDB180A3782006A9C53 /* Convenience.m */; };
		C32EBEE5180A37B1006A9C53 /* PBSafariActivity.m in Sources */ = {isa = PBXBuildFile; fileRef = C32EBEE4180A37B1006A9C53 /* PBSafariActivity.m */; };
		C32EBF11180A5156006A9C53 /* Kal.bundle in Resources */ = {isa = PBXBuildFile; fileRef = C32EBF10180A5156006A9C53 /* Kal.bundle */; };
		C32EBF12180A520B006A9C53 /* libKal.a in Frameworks */ = {isa = PBXBuildFile; fileRef = C32EBF0D180A50EA006A9C53 /* libKal.a */; };
		C32EBF23180A61D1006A9C53 /* calendar.png in Resources */ = {isa = PBXBuildFile; fileRef = C32EBF13180A61D1006A9C53 /* calendar.png */; };
		C32EBF24180A61D1006A9C53 /* calendar@2x.png in Resources */ = {isa = PBXBuildFile; fileRef = C32EBF14180A61D1006A9C53 /* calendar@2x.png */; };
		C32EBF25180A61D1006A9C53 /* games.png in Resources */ = {isa = PBXBuildFile; fileRef = C32EBF15180A61D1006A9C53 /* games.png */; };
		C32EBF26180A61D1006A9C53 /* games@2x.png in Resources */ = {isa = PBXBuildFile; fileRef = C32EBF16180A61D1006A9C53 /* games@2x.png */; };
		C32EBF27180A61D1006A9C53 /* grades.png in Resources */ = {isa = PBXBuildFile; fileRef = C32EBF17180A61D1006A9C53 /* grades.png */; };
		C32EBF28180A61D1006A9C53 /* grades@2x.png in Resources */ = {isa = PBXBuildFile; fileRef = C32EBF18180A61D1006A9C53 /* grades@2x.png */; };
		C32EBF29180A61D1006A9C53 /* mail.png in Resources */ = {isa = PBXBuildFile; fileRef = C32EBF19180A61D1006A9C53 /* mail.png */; };
		C32EBF2A180A61D1006A9C53 /* mail@2x.png in Resources */ = {isa = PBXBuildFile; fileRef = C32EBF1A180A61D1006A9C53 /* mail@2x.png */; };
		C32EBF2B180A61D1006A9C53 /* maps.png in Resources */ = {isa = PBXBuildFile; fileRef = C32EBF1B180A61D1006A9C53 /* maps.png */; };
		C32EBF2C180A61D1006A9C53 /* maps@2x.png in Resources */ = {isa = PBXBuildFile; fileRef = C32EBF1C180A61D1006A9C53 /* maps@2x.png */; };
		C32EBF2D180A61D1006A9C53 /* moodle.png in Resources */ = {isa = PBXBuildFile; fileRef = C32EBF1D180A61D1006A9C53 /* moodle.png */; };
		C32EBF2E180A61D1006A9C53 /* moodle@2x.png in Resources */ = {isa = PBXBuildFile; fileRef = C32EBF1E180A61D1006A9C53 /* moodle@2x.png */; };
		C32EBF2F180A61D1006A9C53 /* news.png in Resources */ = {isa = PBXBuildFile; fileRef = C32EBF1F180A61D1006A9C53 /* news.png */; };
		C32EBF30180A61D1006A9C53 /* news@2x.png in Resources */ = {isa = PBXBuildFile; fileRef = C32EBF20180A61D1006A9C53 /* news@2x.png */; };
		C32EBF31180A61D1006A9C53 /* sports.png in Resources */ = {isa = PBXBuildFile; fileRef = C32EBF21180A61D1006A9C53 /* sports.png */; };
		C32EBF32180A61D1006A9C53 /* sports@2x.png in Resources */ = {isa = PBXBuildFile; fileRef = C32EBF22180A61D1006A9C53 /* sports@2x.png */; };
		C35949D318189FCA00659156 /* RotatableNavController.m in Sources */ = {isa = PBXBuildFile; fileRef = C359B8591814AAB000E2CA8B /* RotatableNavController.m */; };
		C35949D41818A03200659156 /* calendar_pad.png in Resources */ = {isa = PBXBuildFile; fileRef = C32EBF331811E33A006A9C53 /* calendar_pad.png */; };
		C35949D51818A03200659156 /* calendar_pad@2x.png in Resources */ = {isa = PBXBuildFile; fileRef = C32EBF341811E33A006A9C53 /* calendar_pad@2x.png */; };
		C35949D61818A03200659156 /* games_pad.png in Resources */ = {isa = PBXBuildFile; fileRef = C32EBF371811E847006A9C53 /* games_pad.png */; };
		C35949D71818A03200659156 /* games_pad@2x.png in Resources */ = {isa = PBXBuildFile; fileRef = C32EBF381811E847006A9C53 /* games_pad@2x.png */; };
		C35949D81818A03200659156 /* grades_pad.png in Resources */ = {isa = PBXBuildFile; fileRef = C32EBF3F1811E984006A9C53 /* grades_pad.png */; };
		C35949D91818A03200659156 /* grades_pad@2x.png in Resources */ = {isa = PBXBuildFile; fileRef = C32EBF401811E984006A9C53 /* grades_pad@2x.png */; };
		C35949DA1818A03200659156 /* mail_pad.png in Resources */ = {isa = PBXBuildFile; fileRef = C32EBF431811EA0F006A9C53 /* mail_pad.png */; };
		C35949DB1818A03200659156 /* mail_pad@2x.png in Resources */ = {isa = PBXBuildFile; fileRef = C32EBF441811EA0F006A9C53 /* mail_pad@2x.png */; };
		C35949DC1818A03200659156 /* maps_pad.png in Resources */ = {isa = PBXBuildFile; fileRef = C32EBF471811EB2A006A9C53 /* maps_pad.png */; };
		C35949DD1818A03200659156 /* maps_pad@2x.png in Resources */ = {isa = PBXBuildFile; fileRef = C32EBF481811EB2A006A9C53 /* maps_pad@2x.png */; };
		C35949DE1818A03200659156 /* moodle_pad.png in Resources */ = {isa = PBXBuildFile; fileRef = C32EBF4B1811EBCC006A9C53 /* moodle_pad.png */; };
		C35949DF1818A03200659156 /* moodle_pad@2x.png in Resources */ = {isa = PBXBuildFile; fileRef = C32EBF4C1811EBCC006A9C53 /* moodle_pad@2x.png */; };
		C35949E01818A03200659156 /* news_pad.png in Resources */ = {isa = PBXBuildFile; fileRef = C32EBF4F1811EE12006A9C53 /* news_pad.png */; };
		C35949E11818A03200659156 /* news_pad@2x.png in Resources */ = {isa = PBXBuildFile; fileRef = C32EBF501811EE12006A9C53 /* news_pad@2x.png */; };
		C35949E21818A03200659156 /* sports_pad.png in Resources */ = {isa = PBXBuildFile; fileRef = C32EBF511811EE12006A9C53 /* sports_pad.png */; };
		C35949E31818A03200659156 /* sports_pad@2x.png in Resources */ = {isa = PBXBuildFile; fileRef = C32EBF521811EE12006A9C53 /* sports_pad@2x.png */; };
		C35949E81818A0F100659156 /* Reachability.m in Sources */ = {isa = PBXBuildFile; fileRef = C35949E51818A07E00659156 /* Reachability.m */; };
		C35949ED1818BD1100659156 /* NSMutableArray+Shuffling.m in Sources */ = {isa = PBXBuildFile; fileRef = C35949EC1818BD1100659156 /* NSMutableArray+Shuffling.m */; };
		C35949EE1818BEFC00659156 /* sluh_front.jpg in Resources */ = {isa = PBXBuildFile; fileRef = C3D5269B13D215F700458496 /* sluh_front.jpg */; };
		C3594A0D181ACD4D00659156 /* ipad-ret-landscape.png in Resources */ = {isa = PBXBuildFile; fileRef = C3594A07181ACD4C00659156 /* ipad-ret-landscape.png */; };
		C3594A0E181ACD4D00659156 /* ipad-ret-portrait.png in Resources */ = {isa = PBXBuildFile; fileRef = C3594A08181ACD4C00659156 /* ipad-ret-portrait.png */; };
		C3594A0F181ACD4D00659156 /* ipad-std-landscape.png in Resources */ = {isa = PBXBuildFile; fileRef = C3594A09181ACD4C00659156 /* ipad-std-landscape.png */; };
		C3594A10181ACD4D00659156 /* ipad-std-portrait.png in Resources */ = {isa = PBXBuildFile; fileRef = C3594A0A181ACD4C00659156 /* ipad-std-portrait.png */; };
		C3594A11181ACD4D00659156 /* Default-568h@2x.png in Resources */ = {isa = PBXBuildFile; fileRef = C3594A0B181ACD4C00659156 /* Default-568h@2x.png */; };
		C3594A12181ACD4D00659156 /* iphonelaunch3-5.png in Resources */ = {isa = PBXBuildFile; fileRef = C3594A0C181ACD4D00659156 /* iphonelaunch3-5.png */; };
		C37494FD17E5418F005B7B00 /* Varela-Regular.ttf in Resources */ = {isa = PBXBuildFile; fileRef = C37494FC17E5418F005B7B00 /* Varela-Regular.ttf */; };
		C37494FF17E542AB005B7B00 /* VarelaRound-Regular.ttf in Resources */ = {isa = PBXBuildFile; fileRef = C37494FE17E542AB005B7B00 /* VarelaRound-Regular.ttf */; };
		C375F4C117F739B30003D582 /* CoreData.framework in Frameworks */ = {isa = PBXBuildFile; fileRef = C375F4C017F739B30003D582 /* CoreData.framework */; };
		C375F4C417F73A450003D582 /* libz.dylib in Frameworks */ = {isa = PBXBuildFile; fileRef = C375F4C317F73A450003D582 /* libz.dylib */; };
		C375F4D117F73D1F0003D582 /* AdSupport.framework in Frameworks */ = {isa = PBXBuildFile; fileRef = C375F4D017F73D1F0003D582 /* AdSupport.framework */; };
		C375F4DC17F766370003D582 /* EventKit.framework in Frameworks */ = {isa = PBXBuildFile; fileRef = C375F4DB17F766370003D582 /* EventKit.framework */; };
		C3814B8817FF6C9F00EB4618 /* Ubuntu-Light.ttf in Resources */ = {isa = PBXBuildFile; fileRef = C3814B8517FF6C9F00EB4618 /* Ubuntu-Light.ttf */; };
		C3814B8917FF6C9F00EB4618 /* Ubuntu-Medium.ttf in Resources */ = {isa = PBXBuildFile; fileRef = C3814B8617FF6C9F00EB4618 /* Ubuntu-Medium.ttf */; };
		C3814B8A17FF6C9F00EB4618 /* Ubuntu-Regular.ttf in Resources */ = {isa = PBXBuildFile; fileRef = C3814B8717FF6C9F00EB4618 /* Ubuntu-Regular.ttf */; };
		C3814B8D17FF813500EB4618 /* logomark.png in Resources */ = {isa = PBXBuildFile; fileRef = C3814B8C17FF813500EB4618 /* logomark.png */; };
		C3814BDF1800B01800EB4618 /* Security.framework in Frameworks */ = {isa = PBXBuildFile; fileRef = C3814BDE1800B01700EB4618 /* Security.framework */; };
		C3814BE11800B02400EB4618 /* MobileCoreServices.framework in Frameworks */ = {isa = PBXBuildFile; fileRef = C3814BE01800B02400EB4618 /* MobileCoreServices.framework */; };
		C3814BE21800B03600EB4618 /* libsqlite3.dylib in Frameworks */ = {isa = PBXBuildFile; fileRef = 533B285211E2D42300B3CC07 /* libsqlite3.dylib */; };
		C3814BE41800B04700EB4618 /* CoreTelephony.framework in Frameworks */ = {isa = PBXBuildFile; fileRef = C3814BE31800B04700EB4618 /* CoreTelephony.framework */; };
		C3A9ED6417B8653200866C97 /* BreeSerif-Regular.otf in Resources */ = {isa = PBXBuildFile; fileRef = C3A9ED6317B8653200866C97 /* BreeSerif-Regular.otf */; };
		C3B6F81D1F4A0571004ED279 /* FontAwesome.ttf in Resources */ = {isa = PBXBuildFile; fileRef = C3B6F81C1F4A0571004ED279 /* FontAwesome.ttf */; };
		C3F9B42A17DBCAD900F1DF1D /* Images.xcassets in Resources */ = {isa = PBXBuildFile; fileRef = C3F9B42917DBCAD900F1DF1D /* Images.xcassets */; };
		DB2AC9E7EC8B13538063AB8F /* Pods_iSLUH.framework in Frameworks */ = {isa = PBXBuildFile; fileRef = FD0E3A33E12F5B993EA6CF0E /* Pods_iSLUH.framework */; };
/* End PBXBuildFile section */

/* Begin PBXContainerItemProxy section */
		C32EBF0C180A50EA006A9C53 /* PBXContainerItemProxy */ = {
			isa = PBXContainerItemProxy;
			containerPortal = C32EBF08180A50E9006A9C53 /* Kal.xcodeproj */;
			proxyType = 2;
			remoteGlobalIDString = D2AAC07E0554694100DB518D;
			remoteInfo = Kal;
		};
		C32EBF0E180A5105006A9C53 /* PBXContainerItemProxy */ = {
			isa = PBXContainerItemProxy;
			containerPortal = C32EBF08180A50E9006A9C53 /* Kal.xcodeproj */;
			proxyType = 1;
			remoteGlobalIDString = D2AAC07D0554694100DB518D;
			remoteInfo = Kal;
		};
/* End PBXContainerItemProxy section */

/* Begin PBXFileReference section */
		1D30AB110D05D00D00671497 /* Foundation.framework */ = {isa = PBXFileReference; lastKnownFileType = wrapper.framework; name = Foundation.framework; path = System/Library/Frameworks/Foundation.framework; sourceTree = SDKROOT; };
		1D6058910D05DD3D006BFB54 /* iSLUH.app */ = {isa = PBXFileReference; explicitFileType = wrapper.application; includeInIndex = 0; path = iSLUH.app; sourceTree = BUILT_PRODUCTS_DIR; };
		1DF5F4DF0D08C38300B7A737 /* UIKit.framework */ = {isa = PBXFileReference; lastKnownFileType = wrapper.framework; name = UIKit.framework; path = System/Library/Frameworks/UIKit.framework; sourceTree = SDKROOT; };
		288765FC0DF74451002DB57D /* CoreGraphics.framework */ = {isa = PBXFileReference; lastKnownFileType = wrapper.framework; name = CoreGraphics.framework; path = System/Library/Frameworks/CoreGraphics.framework; sourceTree = SDKROOT; };
		29B97316FDCFA39411CA2CEA /* main.m */ = {isa = PBXFileReference; fileEncoding = 4; lastKnownFileType = sourcecode.c.objc; path = main.m; sourceTree = "<group>"; };
		32CA4F630368D1EE00C91783 /* iSLUH_Prefix.pch */ = {isa = PBXFileReference; fileEncoding = 4; lastKnownFileType = sourcecode.c.h; path = iSLUH_Prefix.pch; sourceTree = "<group>"; };
		533B285211E2D42300B3CC07 /* libsqlite3.dylib */ = {isa = PBXFileReference; lastKnownFileType = "compiled.mach-o.dylib"; name = libsqlite3.dylib; path = usr/lib/libsqlite3.dylib; sourceTree = SDKROOT; };
		8D1107310486CEB800E47090 /* iSLUH-Info.plist */ = {isa = PBXFileReference; fileEncoding = 4; lastKnownFileType = text.plist.xml; path = "iSLUH-Info.plist"; plistStructureDefinitionIdentifier = "com.apple.xcode.plist.structure-definition.iphone.info-plist"; sourceTree = "<group>"; };
		C0D77313C7B6B54293F1234C /* Pods-iSLUH.debug.xcconfig */ = {isa = PBXFileReference; includeInIndex = 1; lastKnownFileType = text.xcconfig; name = "Pods-iSLUH.debug.xcconfig"; path = "Pods/Target Support Files/Pods-iSLUH/Pods-iSLUH.debug.xcconfig"; sourceTree = "<group>"; };
		C329A01713CFB878001928A5 /* QuartzCore.framework */ = {isa = PBXFileReference; lastKnownFileType = wrapper.framework; name = QuartzCore.framework; path = System/Library/Frameworks/QuartzCore.framework; sourceTree = SDKROOT; };
		C329A01913CFB880001928A5 /* CoreLocation.framework */ = {isa = PBXFileReference; lastKnownFileType = wrapper.framework; name = CoreLocation.framework; path = System/Library/Frameworks/CoreLocation.framework; sourceTree = SDKROOT; };
		C329A01B13CFB888001928A5 /* SystemConfiguration.framework */ = {isa = PBXFileReference; lastKnownFileType = wrapper.framework; name = SystemConfiguration.framework; path = System/Library/Frameworks/SystemConfiguration.framework; sourceTree = SDKROOT; };
		C329A01D13CFB88F001928A5 /* MapKit.framework */ = {isa = PBXFileReference; lastKnownFileType = wrapper.framework; name = MapKit.framework; path = System/Library/Frameworks/MapKit.framework; sourceTree = SDKROOT; };
		C329A01F13CFB8A2001928A5 /* CFNetwork.framework */ = {isa = PBXFileReference; lastKnownFileType = wrapper.framework; name = CFNetwork.framework; path = System/Library/Frameworks/CFNetwork.framework; sourceTree = SDKROOT; };
		C329A02113CFB8A9001928A5 /* MessageUI.framework */ = {isa = PBXFileReference; lastKnownFileType = wrapper.framework; name = MessageUI.framework; path = System/Library/Frameworks/MessageUI.framework; sourceTree = SDKROOT; };
		C32EBE3C180A33BF006A9C53 /* AppDelegate.h */ = {isa = PBXFileReference; fileEncoding = 4; lastKnownFileType = sourcecode.c.h; path = AppDelegate.h; sourceTree = "<group>"; };
		C32EBE3D180A33BF006A9C53 /* AppDelegate.m */ = {isa = PBXFileReference; fileEncoding = 4; lastKnownFileType = sourcecode.c.objc; path = AppDelegate.m; sourceTree = "<group>"; };
		C32EBE3F180A34C9006A9C53 /* MainScreen.h */ = {isa = PBXFileReference; fileEncoding = 4; lastKnownFileType = sourcecode.c.h; path = MainScreen.h; sourceTree = "<group>"; };
		C32EBE40180A34C9006A9C53 /* MainScreen.m */ = {isa = PBXFileReference; fileEncoding = 4; lastKnownFileType = sourcecode.c.objc; path = MainScreen.m; sourceTree = "<group>"; };
		C32EBE41180A34C9006A9C53 /* MainScreen.xib */ = {isa = PBXFileReference; fileEncoding = 4; lastKnownFileType = file.xib; path = MainScreen.xib; sourceTree = "<group>"; };
		C32EBE44180A34E3006A9C53 /* Calendar.h */ = {isa = PBXFileReference; fileEncoding = 4; lastKnownFileType = sourcecode.c.h; path = Calendar.h; sourceTree = "<group>"; };
		C32EBE45180A34E3006A9C53 /* Calendar.m */ = {isa = PBXFileReference; fileEncoding = 4; lastKnownFileType = sourcecode.c.objc; path = Calendar.m; sourceTree = "<group>"; };
		C32EBE4C180A351B006A9C53 /* HolidayJSONDataSource.h */ = {isa = PBXFileReference; fileEncoding = 4; lastKnownFileType = sourcecode.c.h; path = HolidayJSONDataSource.h; sourceTree = "<group>"; };
		C32EBE4D180A351B006A9C53 /* HolidayJSONDataSource.m */ = {isa = PBXFileReference; fileEncoding = 4; lastKnownFileType = sourcecode.c.objc; path = HolidayJSONDataSource.m; sourceTree = "<group>"; };
		C32EBE4E180A351B006A9C53 /* HolidaysDetailViewController.h */ = {isa = PBXFileReference; fileEncoding = 4; lastKnownFileType = sourcecode.c.h; path = HolidaysDetailViewController.h; sourceTree = "<group>"; };
		C32EBE4F180A351B006A9C53 /* HolidaysDetailViewController.m */ = {isa = PBXFileReference; fileEncoding = 4; lastKnownFileType = sourcecode.c.objc; path = HolidaysDetailViewController.m; sourceTree = "<group>"; };
		C32EBE52180A352A006A9C53 /* CalendarDetailPad.h */ = {isa = PBXFileReference; fileEncoding = 4; lastKnownFileType = sourcecode.c.h; path = CalendarDetailPad.h; sourceTree = "<group>"; };
		C32EBE53180A352A006A9C53 /* CalendarDetailPad.m */ = {isa = PBXFileReference; fileEncoding = 4; lastKnownFileType = sourcecode.c.objc; path = CalendarDetailPad.m; sourceTree = "<group>"; };
		C32EBE54180A352A006A9C53 /* CalendarDetailPad.xib */ = {isa = PBXFileReference; fileEncoding = 4; lastKnownFileType = file.xib; path = CalendarDetailPad.xib; sourceTree = "<group>"; };
		C32EBE55180A352A006A9C53 /* CalendarDetailPhone.h */ = {isa = PBXFileReference; fileEncoding = 4; lastKnownFileType = sourcecode.c.h; path = CalendarDetailPhone.h; sourceTree = "<group>"; };
		C32EBE56180A352A006A9C53 /* CalendarDetailPhone.m */ = {isa = PBXFileReference; fileEncoding = 4; lastKnownFileType = sourcecode.c.objc; path = CalendarDetailPhone.m; sourceTree = "<group>"; };
		C32EBE57180A352A006A9C53 /* CalendarDetailPhone.xib */ = {isa = PBXFileReference; fileEncoding = 4; lastKnownFileType = file.xib; path = CalendarDetailPhone.xib; sourceTree = "<group>"; };
		C32EBE5C180A3556006A9C53 /* AdoptAnnotation.h */ = {isa = PBXFileReference; fileEncoding = 4; lastKnownFileType = sourcecode.c.h; path = AdoptAnnotation.h; sourceTree = "<group>"; };
		C32EBE5D180A3556006A9C53 /* AdoptAnnotation.m */ = {isa = PBXFileReference; fileEncoding = 4; lastKnownFileType = sourcecode.c.objc; path = AdoptAnnotation.m; sourceTree = "<group>"; };
		C32EBE5E180A3556006A9C53 /* Map.h */ = {isa = PBXFileReference; fileEncoding = 4; lastKnownFileType = sourcecode.c.h; path = Map.h; sourceTree = "<group>"; };
		C32EBE5F180A3556006A9C53 /* Map.m */ = {isa = PBXFileReference; fileEncoding = 4; lastKnownFileType = sourcecode.c.objc; path = Map.m; sourceTree = "<group>"; };
		C32EBE60180A3556006A9C53 /* Map.xib */ = {isa = PBXFileReference; fileEncoding = 4; lastKnownFileType = file.xib; path = Map.xib; sourceTree = "<group>"; };
		C32EBE64180A356F006A9C53 /* FlashCardsVCiPad.h */ = {isa = PBXFileReference; fileEncoding = 4; lastKnownFileType = sourcecode.c.h; path = FlashCardsVCiPad.h; sourceTree = "<group>"; };
		C32EBE65180A356F006A9C53 /* FlashCardsVCiPad.m */ = {isa = PBXFileReference; fileEncoding = 4; lastKnownFileType = sourcecode.c.objc; path = FlashCardsVCiPad.m; sourceTree = "<group>"; };
		C32EBE66180A356F006A9C53 /* FlashCardsVCiPad.xib */ = {isa = PBXFileReference; fileEncoding = 4; lastKnownFileType = file.xib; path = FlashCardsVCiPad.xib; sourceTree = "<group>"; };
		C32EBE67180A356F006A9C53 /* FlashCardsViewController.h */ = {isa = PBXFileReference; fileEncoding = 4; lastKnownFileType = sourcecode.c.h; path = FlashCardsViewController.h; sourceTree = "<group>"; };
		C32EBE68180A356F006A9C53 /* FlashCardsViewController.m */ = {isa = PBXFileReference; fileEncoding = 4; lastKnownFileType = sourcecode.c.objc; path = FlashCardsViewController.m; sourceTree = "<group>"; };
		C32EBE69180A356F006A9C53 /* FlashCardsViewController.xib */ = {isa = PBXFileReference; fileEncoding = 4; lastKnownFileType = file.xib; path = FlashCardsViewController.xib; sourceTree = "<group>"; };
		C32EBE6E180A358A006A9C53 /* CreateCardsVCiPad.h */ = {isa = PBXFileReference; fileEncoding = 4; lastKnownFileType = sourcecode.c.h; path = CreateCardsVCiPad.h; sourceTree = "<group>"; };
		C32EBE6F180A358A006A9C53 /* CreateCardsVCiPad.m */ = {isa = PBXFileReference; fileEncoding = 4; lastKnownFileType = sourcecode.c.objc; path = CreateCardsVCiPad.m; sourceTree = "<group>"; };
		C32EBE70180A358A006A9C53 /* CreateCardsVCiPad.xib */ = {isa = PBXFileReference; fileEncoding = 4; lastKnownFileType = file.xib; path = CreateCardsVCiPad.xib; sourceTree = "<group>"; };
		C32EBE71180A358A006A9C53 /* CreateCardViewController.h */ = {isa = PBXFileReference; fileEncoding = 4; lastKnownFileType = sourcecode.c.h; path = CreateCardViewController.h; sourceTree = "<group>"; };
		C32EBE72180A358A006A9C53 /* CreateCardViewController.m */ = {isa = PBXFileReference; fileEncoding = 4; lastKnownFileType = sourcecode.c.objc; path = CreateCardViewController.m; sourceTree = "<group>"; };
		C32EBE73180A358A006A9C53 /* CreateCardViewController.xib */ = {isa = PBXFileReference; fileEncoding = 4; lastKnownFileType = file.xib; path = CreateCardViewController.xib; sourceTree = "<group>"; };
		C32EBE74180A358A006A9C53 /* FlashCard.h */ = {isa = PBXFileReference; fileEncoding = 4; lastKnownFileType = sourcecode.c.h; path = FlashCard.h; sourceTree = "<group>"; };
		C32EBE75180A358A006A9C53 /* FlashCard.m */ = {isa = PBXFileReference; fileEncoding = 4; lastKnownFileType = sourcecode.c.objc; path = FlashCard.m; sourceTree = "<group>"; };
		C32EBE7B180A35A0006A9C53 /* DidYouKnow.h */ = {isa = PBXFileReference; fileEncoding = 4; lastKnownFileType = sourcecode.c.h; path = DidYouKnow.h; sourceTree = "<group>"; };
		C32EBE7C180A35A0006A9C53 /* DidYouKnow.m */ = {isa = PBXFileReference; fileEncoding = 4; lastKnownFileType = sourcecode.c.objc; path = DidYouKnow.m; sourceTree = "<group>"; };
		C32EBE7D180A35A0006A9C53 /* DidYouKnow.xib */ = {isa = PBXFileReference; fileEncoding = 4; lastKnownFileType = file.xib; path = DidYouKnow.xib; sourceTree = "<group>"; };
		C32EBE7E180A35A0006A9C53 /* DYKiPad.h */ = {isa = PBXFileReference; fileEncoding = 4; lastKnownFileType = sourcecode.c.h; path = DYKiPad.h; sourceTree = "<group>"; };
		C32EBE7F180A35A0006A9C53 /* DYKiPad.m */ = {isa = PBXFileReference; fileEncoding = 4; lastKnownFileType = sourcecode.c.objc; path = DYKiPad.m; sourceTree = "<group>"; };
		C32EBE80180A35A0006A9C53 /* DYKiPad.xib */ = {isa = PBXFileReference; fileEncoding = 4; lastKnownFileType = file.xib; path = DYKiPad.xib; sourceTree = "<group>"; };
		C32EBE81180A35A0006A9C53 /* GamesIndex.h */ = {isa = PBXFileReference; fileEncoding = 4; lastKnownFileType = sourcecode.c.h; path = GamesIndex.h; sourceTree = "<group>"; };
		C32EBE82180A35A0006A9C53 /* GamesIndex.m */ = {isa = PBXFileReference; fileEncoding = 4; lastKnownFileType = sourcecode.c.objc; path = GamesIndex.m; sourceTree = "<group>"; };
		C32EBE83180A35A0006A9C53 /* GamesIndex.xib */ = {isa = PBXFileReference; fileEncoding = 4; lastKnownFileType = file.xib; path = GamesIndex.xib; sourceTree = "<group>"; };
		C32EBE8A180A35CC006A9C53 /* Info.h */ = {isa = PBXFileReference; fileEncoding = 4; lastKnownFileType = sourcecode.c.h; path = Info.h; sourceTree = "<group>"; };
		C32EBE8B180A35CC006A9C53 /* Info.m */ = {isa = PBXFileReference; fileEncoding = 4; lastKnownFileType = sourcecode.c.objc; path = Info.m; sourceTree = "<group>"; };
		C32EBE8C180A35CC006A9C53 /* Info.xib */ = {isa = PBXFileReference; fileEncoding = 4; lastKnownFileType = file.xib; path = Info.xib; sourceTree = "<group>"; };
		C32EBE8D180A35CC006A9C53 /* Sports.h */ = {isa = PBXFileReference; fileEncoding = 4; lastKnownFileType = sourcecode.c.h; path = Sports.h; sourceTree = "<group>"; };
		C32EBE8E180A35CC006A9C53 /* Sports.m */ = {isa = PBXFileReference; fileEncoding = 4; lastKnownFileType = sourcecode.c.objc; path = Sports.m; sourceTree = "<group>"; };
		C32EBE8F180A35CC006A9C53 /* Sports.xib */ = {isa = PBXFileReference; fileEncoding = 4; lastKnownFileType = file.xib; path = Sports.xib; sourceTree = "<group>"; };
		C32EBE94180A35DD006A9C53 /* CampusMinistry.h */ = {isa = PBXFileReference; fileEncoding = 4; lastKnownFileType = sourcecode.c.h; path = CampusMinistry.h; sourceTree = "<group>"; };
		C32EBE95180A35DD006A9C53 /* CampusMinistry.m */ = {isa = PBXFileReference; fileEncoding = 4; lastKnownFileType = sourcecode.c.objc; path = CampusMinistry.m; sourceTree = "<group>"; };
		C32EBE96180A35DD006A9C53 /* CampusMinistry.xib */ = {isa = PBXFileReference; fileEncoding = 4; lastKnownFileType = file.xib; path = CampusMinistry.xib; sourceTree = "<group>"; };
		C32EBE97180A35DD006A9C53 /* MoreResources.h */ = {isa = PBXFileReference; fileEncoding = 4; lastKnownFileType = sourcecode.c.h; path = MoreResources.h; sourceTree = "<group>"; };
		C32EBE98180A35DD006A9C53 /* MoreResources.m */ = {isa = PBXFileReference; fileEncoding = 4; lastKnownFileType = sourcecode.c.objc; path = MoreResources.m; sourceTree = "<group>"; };
		C32EBE99180A35DD006A9C53 /* MoreResources.xib */ = {isa = PBXFileReference; fileEncoding = 4; lastKnownFileType = file.xib; path = MoreResources.xib; sourceTree = "<group>"; };
		C32EBE9E180A35FF006A9C53 /* MKTickerView.h */ = {isa = PBXFileReference; fileEncoding = 4; lastKnownFileType = sourcecode.c.h; path = MKTickerView.h; sourceTree = "<group>"; };
		C32EBE9F180A35FF006A9C53 /* MKTickerView.m */ = {isa = PBXFileReference; fileEncoding = 4; lastKnownFileType = sourcecode.c.objc; path = MKTickerView.m; sourceTree = "<group>"; };
		C32EBEA1180A3615006A9C53 /* PBWebViewController.h */ = {isa = PBXFileReference; fileEncoding = 4; lastKnownFileType = sourcecode.c.h; path = PBWebViewController.h; sourceTree = "<group>"; };
		C32EBEA2180A3615006A9C53 /* PBWebViewController.m */ = {isa = PBXFileReference; fileEncoding = 4; lastKnownFileType = sourcecode.c.objc; path = PBWebViewController.m; sourceTree = "<group>"; };
		C32EBEA3180A3615006A9C53 /* Safari@2x~ipad.png */ = {isa = PBXFileReference; lastKnownFileType = image.png; path = "Safari@2x~ipad.png"; sourceTree = "<group>"; };
		C32EBEA4180A3615006A9C53 /* Safari@2x~iphone.png */ = {isa = PBXFileReference; lastKnownFileType = image.png; path = "Safari@2x~iphone.png"; sourceTree = "<group>"; };
		C32EBEA5180A3615006A9C53 /* Safari~ipad.png */ = {isa = PBXFileReference; lastKnownFileType = image.png; path = "Safari~ipad.png"; sourceTree = "<group>"; };
		C32EBEA6180A3615006A9C53 /* Safari~iphone.png */ = {isa = PBXFileReference; lastKnownFileType = image.png; path = "Safari~iphone.png"; sourceTree = "<group>"; };
		C32EBEAC180A3638006A9C53 /* JSON.h */ = {isa = PBXFileReference; fileEncoding = 4; lastKnownFileType = sourcecode.c.h; path = JSON.h; sourceTree = "<group>"; };
		C32EBEAD180A3638006A9C53 /* NSObject+SBJSON.h */ = {isa = PBXFileReference; fileEncoding = 4; lastKnownFileType = sourcecode.c.h; path = "NSObject+SBJSON.h"; sourceTree = "<group>"; };
		C32EBEAE180A3638006A9C53 /* NSObject+SBJSON.m */ = {isa = PBXFileReference; fileEncoding = 4; lastKnownFileType = sourcecode.c.objc; path = "NSObject+SBJSON.m"; sourceTree = "<group>"; };
		C32EBEAF180A3638006A9C53 /* NSString+SBJSON.h */ = {isa = PBXFileReference; fileEncoding = 4; lastKnownFileType = sourcecode.c.h; path = "NSString+SBJSON.h"; sourceTree = "<group>"; };
		C32EBEB0180A3638006A9C53 /* NSString+SBJSON.m */ = {isa = PBXFileReference; fileEncoding = 4; lastKnownFileType = sourcecode.c.objc; path = "NSString+SBJSON.m"; sourceTree = "<group>"; };
		C32EBEB1180A3638006A9C53 /* SBJSON.h */ = {isa = PBXFileReference; fileEncoding = 4; lastKnownFileType = sourcecode.c.h; path = SBJSON.h; sourceTree = "<group>"; };
		C32EBEB2180A3638006A9C53 /* SBJSON.m */ = {isa = PBXFileReference; fileEncoding = 4; lastKnownFileType = sourcecode.c.objc; path = SBJSON.m; sourceTree = "<group>"; };
		C32EBEB3180A3638006A9C53 /* SBJsonBase.h */ = {isa = PBXFileReference; fileEncoding = 4; lastKnownFileType = sourcecode.c.h; path = SBJsonBase.h; sourceTree = "<group>"; };
		C32EBEB4180A3638006A9C53 /* SBJsonBase.m */ = {isa = PBXFileReference; fileEncoding = 4; lastKnownFileType = sourcecode.c.objc; path = SBJsonBase.m; sourceTree = "<group>"; };
		C32EBEB5180A3638006A9C53 /* SBJsonParser.h */ = {isa = PBXFileReference; fileEncoding = 4; lastKnownFileType = sourcecode.c.h; path = SBJsonParser.h; sourceTree = "<group>"; };
		C32EBEB6180A3638006A9C53 /* SBJsonParser.m */ = {isa = PBXFileReference; fileEncoding = 4; lastKnownFileType = sourcecode.c.objc; path = SBJsonParser.m; sourceTree = "<group>"; };
		C32EBEB7180A3638006A9C53 /* SBJsonWriter.h */ = {isa = PBXFileReference; fileEncoding = 4; lastKnownFileType = sourcecode.c.h; path = SBJsonWriter.h; sourceTree = "<group>"; };
		C32EBEB8180A3638006A9C53 /* SBJsonWriter.m */ = {isa = PBXFileReference; fileEncoding = 4; lastKnownFileType = sourcecode.c.objc; path = SBJsonWriter.m; sourceTree = "<group>"; };
		C32EBEBF180A364B006A9C53 /* Appirater.h */ = {isa = PBXFileReference; fileEncoding = 4; lastKnownFileType = sourcecode.c.h; path = Appirater.h; sourceTree = "<group>"; };
		C32EBEC0180A364B006A9C53 /* Appirater.m */ = {isa = PBXFileReference; fileEncoding = 4; lastKnownFileType = sourcecode.c.objc; path = Appirater.m; sourceTree = "<group>"; };
		C32EBEC5180A365B006A9C53 /* GradientButton.h */ = {isa = PBXFileReference; fileEncoding = 4; lastKnownFileType = sourcecode.c.h; path = GradientButton.h; sourceTree = "<group>"; };
		C32EBEC6180A365B006A9C53 /* GradientButton.m */ = {isa = PBXFileReference; fileEncoding = 4; lastKnownFileType = sourcecode.c.objc; path = GradientButton.m; sourceTree = "<group>"; };
		C32EBEC7180A365B006A9C53 /* GradientButton.xib */ = {isa = PBXFileReference; fileEncoding = 4; lastKnownFileType = file.xib; path = GradientButton.xib; sourceTree = "<group>"; };
		C32EBECA180A3673006A9C53 /* Info-iPad.h */ = {isa = PBXFileReference; fileEncoding = 4; lastKnownFileType = sourcecode.c.h; path = "Info-iPad.h"; sourceTree = "<group>"; };
		C32EBECB180A3673006A9C53 /* Info-iPad.m */ = {isa = PBXFileReference; fileEncoding = 4; lastKnownFileType = sourcecode.c.objc; path = "Info-iPad.m"; sourceTree = "<group>"; };
		C32EBECC180A3673006A9C53 /* Info-iPad.xib */ = {isa = PBXFileReference; fileEncoding = 4; lastKnownFileType = file.xib; path = "Info-iPad.xib"; sourceTree = "<group>"; };
		C32EBECD180A3673006A9C53 /* MainScreeniPad.h */ = {isa = PBXFileReference; fileEncoding = 4; lastKnownFileType = sourcecode.c.h; path = MainScreeniPad.h; sourceTree = "<group>"; };
		C32EBECE180A3673006A9C53 /* MainScreeniPad.m */ = {isa = PBXFileReference; fileEncoding = 4; lastKnownFileType = sourcecode.c.objc; path = MainScreeniPad.m; sourceTree = "<group>"; };
		C32EBECF180A3673006A9C53 /* MainScreeniPad.xib */ = {isa = PBXFileReference; fileEncoding = 4; lastKnownFileType = file.xib; path = MainScreeniPad.xib; sourceTree = "<group>"; };
		C32EBED4180A3778006A9C53 /* NSURL+SLUHCustom.h */ = {isa = PBXFileReference; fileEncoding = 4; lastKnownFileType = sourcecode.c.h; path = "NSURL+SLUHCustom.h"; sourceTree = "<group>"; };
		C32EBED5180A3778006A9C53 /* NSURL+SLUHCustom.m */ = {isa = PBXFileReference; fileEncoding = 4; lastKnownFileType = sourcecode.c.objc; path = "NSURL+SLUHCustom.m"; sourceTree = "<group>"; };
		C32EBED6180A3778006A9C53 /* UIColor+SLUHCustom.h */ = {isa = PBXFileReference; fileEncoding = 4; lastKnownFileType = sourcecode.c.h; path = "UIColor+SLUHCustom.h"; sourceTree = "<group>"; };
		C32EBED7180A3778006A9C53 /* UIColor+SLUHCustom.m */ = {isa = PBXFileReference; fileEncoding = 4; lastKnownFileType = sourcecode.c.objc; path = "UIColor+SLUHCustom.m"; sourceTree = "<group>"; };
		C32EBEDA180A3782006A9C53 /* Convenience.h */ = {isa = PBXFileReference; fileEncoding = 4; lastKnownFileType = sourcecode.c.h; path = Convenience.h; sourceTree = "<group>"; };
		C32EBEDB180A3782006A9C53 /* Convenience.m */ = {isa = PBXFileReference; fileEncoding = 4; lastKnownFileType = sourcecode.c.objc; path = Convenience.m; sourceTree = "<group>"; };
		C32EBEE3180A37B1006A9C53 /* PBSafariActivity.h */ = {isa = PBXFileReference; fileEncoding = 4; lastKnownFileType = sourcecode.c.h; path = PBSafariActivity.h; sourceTree = "<group>"; };
		C32EBEE4180A37B1006A9C53 /* PBSafariActivity.m */ = {isa = PBXFileReference; fileEncoding = 4; lastKnownFileType = sourcecode.c.objc; path = PBSafariActivity.m; sourceTree = "<group>"; };
		C32EBEE6180A37EB006A9C53 /* Kal.bundle */ = {isa = PBXFileReference; lastKnownFileType = "wrapper.plug-in"; name = Kal.bundle; path = ../Kal/src/Kal.bundle; sourceTree = "<group>"; };
		C32EBF08180A50E9006A9C53 /* Kal.xcodeproj */ = {isa = PBXFileReference; lastKnownFileType = "wrapper.pb-project"; name = Kal.xcodeproj; path = ../Kal/src/Kal.xcodeproj; sourceTree = "<group>"; };
		C32EBF10180A5156006A9C53 /* Kal.bundle */ = {isa = PBXFileReference; lastKnownFileType = "wrapper.plug-in"; path = Kal.bundle; sourceTree = "<group>"; };
		C32EBF13180A61D1006A9C53 /* calendar.png */ = {isa = PBXFileReference; lastKnownFileType = image.png; path = calendar.png; sourceTree = "<group>"; };
		C32EBF14180A61D1006A9C53 /* calendar@2x.png */ = {isa = PBXFileReference; lastKnownFileType = image.png; path = "calendar@2x.png"; sourceTree = "<group>"; };
		C32EBF15180A61D1006A9C53 /* games.png */ = {isa = PBXFileReference; lastKnownFileType = image.png; path = games.png; sourceTree = "<group>"; };
		C32EBF16180A61D1006A9C53 /* games@2x.png */ = {isa = PBXFileReference; lastKnownFileType = image.png; path = "games@2x.png"; sourceTree = "<group>"; };
		C32EBF17180A61D1006A9C53 /* grades.png */ = {isa = PBXFileReference; lastKnownFileType = image.png; path = grades.png; sourceTree = "<group>"; };
		C32EBF18180A61D1006A9C53 /* grades@2x.png */ = {isa = PBXFileReference; lastKnownFileType = image.png; path = "grades@2x.png"; sourceTree = "<group>"; };
		C32EBF19180A61D1006A9C53 /* mail.png */ = {isa = PBXFileReference; lastKnownFileType = image.png; path = mail.png; sourceTree = "<group>"; };
		C32EBF1A180A61D1006A9C53 /* mail@2x.png */ = {isa = PBXFileReference; lastKnownFileType = image.png; path = "mail@2x.png"; sourceTree = "<group>"; };
		C32EBF1B180A61D1006A9C53 /* maps.png */ = {isa = PBXFileReference; lastKnownFileType = image.png; path = maps.png; sourceTree = "<group>"; };
		C32EBF1C180A61D1006A9C53 /* maps@2x.png */ = {isa = PBXFileReference; lastKnownFileType = image.png; path = "maps@2x.png"; sourceTree = "<group>"; };
		C32EBF1D180A61D1006A9C53 /* moodle.png */ = {isa = PBXFileReference; lastKnownFileType = image.png; path = moodle.png; sourceTree = "<group>"; };
		C32EBF1E180A61D1006A9C53 /* moodle@2x.png */ = {isa = PBXFileReference; lastKnownFileType = image.png; path = "moodle@2x.png"; sourceTree = "<group>"; };
		C32EBF1F180A61D1006A9C53 /* news.png */ = {isa = PBXFileReference; lastKnownFileType = image.png; path = news.png; sourceTree = "<group>"; };
		C32EBF20180A61D1006A9C53 /* news@2x.png */ = {isa = PBXFileReference; lastKnownFileType = image.png; path = "news@2x.png"; sourceTree = "<group>"; };
		C32EBF21180A61D1006A9C53 /* sports.png */ = {isa = PBXFileReference; lastKnownFileType = image.png; path = sports.png; sourceTree = "<group>"; };
		C32EBF22180A61D1006A9C53 /* sports@2x.png */ = {isa = PBXFileReference; lastKnownFileType = image.png; path = "sports@2x.png"; sourceTree = "<group>"; };
		C32EBF331811E33A006A9C53 /* calendar_pad.png */ = {isa = PBXFileReference; lastKnownFileType = image.png; path = calendar_pad.png; sourceTree = "<group>"; };
		C32EBF341811E33A006A9C53 /* calendar_pad@2x.png */ = {isa = PBXFileReference; lastKnownFileType = image.png; path = "calendar_pad@2x.png"; sourceTree = "<group>"; };
		C32EBF371811E847006A9C53 /* games_pad.png */ = {isa = PBXFileReference; lastKnownFileType = image.png; path = games_pad.png; sourceTree = "<group>"; };
		C32EBF381811E847006A9C53 /* games_pad@2x.png */ = {isa = PBXFileReference; lastKnownFileType = image.png; path = "games_pad@2x.png"; sourceTree = "<group>"; };
		C32EBF3F1811E984006A9C53 /* grades_pad.png */ = {isa = PBXFileReference; lastKnownFileType = image.png; path = grades_pad.png; sourceTree = "<group>"; };
		C32EBF401811E984006A9C53 /* grades_pad@2x.png */ = {isa = PBXFileReference; lastKnownFileType = image.png; path = "grades_pad@2x.png"; sourceTree = "<group>"; };
		C32EBF431811EA0F006A9C53 /* mail_pad.png */ = {isa = PBXFileReference; lastKnownFileType = image.png; path = mail_pad.png; sourceTree = "<group>"; };
		C32EBF441811EA0F006A9C53 /* mail_pad@2x.png */ = {isa = PBXFileReference; lastKnownFileType = image.png; path = "mail_pad@2x.png"; sourceTree = "<group>"; };
		C32EBF471811EB2A006A9C53 /* maps_pad.png */ = {isa = PBXFileReference; lastKnownFileType = image.png; path = maps_pad.png; sourceTree = "<group>"; };
		C32EBF481811EB2A006A9C53 /* maps_pad@2x.png */ = {isa = PBXFileReference; lastKnownFileType = image.png; path = "maps_pad@2x.png"; sourceTree = "<group>"; };
		C32EBF4B1811EBCC006A9C53 /* moodle_pad.png */ = {isa = PBXFileReference; lastKnownFileType = image.png; path = moodle_pad.png; sourceTree = "<group>"; };
		C32EBF4C1811EBCC006A9C53 /* moodle_pad@2x.png */ = {isa = PBXFileReference; lastKnownFileType = image.png; path = "moodle_pad@2x.png"; sourceTree = "<group>"; };
		C32EBF4F1811EE12006A9C53 /* news_pad.png */ = {isa = PBXFileReference; lastKnownFileType = image.png; path = news_pad.png; sourceTree = "<group>"; };
		C32EBF501811EE12006A9C53 /* news_pad@2x.png */ = {isa = PBXFileReference; lastKnownFileType = image.png; path = "news_pad@2x.png"; sourceTree = "<group>"; };
		C32EBF511811EE12006A9C53 /* sports_pad.png */ = {isa = PBXFileReference; lastKnownFileType = image.png; path = sports_pad.png; sourceTree = "<group>"; };
		C32EBF521811EE12006A9C53 /* sports_pad@2x.png */ = {isa = PBXFileReference; lastKnownFileType = image.png; path = "sports_pad@2x.png"; sourceTree = "<group>"; };
		C35949E41818A07E00659156 /* Reachability.h */ = {isa = PBXFileReference; fileEncoding = 4; lastKnownFileType = sourcecode.c.h; path = Reachability.h; sourceTree = "<group>"; };
		C35949E51818A07E00659156 /* Reachability.m */ = {isa = PBXFileReference; fileEncoding = 4; lastKnownFileType = sourcecode.c.objc; path = Reachability.m; sourceTree = "<group>"; };
		C35949EB1818BD1100659156 /* NSMutableArray+Shuffling.h */ = {isa = PBXFileReference; fileEncoding = 4; lastKnownFileType = sourcecode.c.h; path = "NSMutableArray+Shuffling.h"; sourceTree = "<group>"; };
		C35949EC1818BD1100659156 /* NSMutableArray+Shuffling.m */ = {isa = PBXFileReference; fileEncoding = 4; lastKnownFileType = sourcecode.c.objc; path = "NSMutableArray+Shuffling.m"; sourceTree = "<group>"; };
		C3594A07181ACD4C00659156 /* ipad-ret-landscape.png */ = {isa = PBXFileReference; lastKnownFileType = image.png; path = "ipad-ret-landscape.png"; sourceTree = "<group>"; };
		C3594A08181ACD4C00659156 /* ipad-ret-portrait.png */ = {isa = PBXFileReference; lastKnownFileType = image.png; path = "ipad-ret-portrait.png"; sourceTree = "<group>"; };
		C3594A09181ACD4C00659156 /* ipad-std-landscape.png */ = {isa = PBXFileReference; lastKnownFileType = image.png; path = "ipad-std-landscape.png"; sourceTree = "<group>"; };
		C3594A0A181ACD4C00659156 /* ipad-std-portrait.png */ = {isa = PBXFileReference; lastKnownFileType = image.png; path = "ipad-std-portrait.png"; sourceTree = "<group>"; };
		C3594A0B181ACD4C00659156 /* Default-568h@2x.png */ = {isa = PBXFileReference; lastKnownFileType = image.png; path = "Default-568h@2x.png"; sourceTree = "<group>"; };
		C3594A0C181ACD4D00659156 /* iphonelaunch3-5.png */ = {isa = PBXFileReference; lastKnownFileType = image.png; path = "iphonelaunch3-5.png"; sourceTree = "<group>"; };
		C359B8581814AAB000E2CA8B /* RotatableNavController.h */ = {isa = PBXFileReference; fileEncoding = 4; lastKnownFileType = sourcecode.c.h; path = RotatableNavController.h; sourceTree = "<group>"; };
		C359B8591814AAB000E2CA8B /* RotatableNavController.m */ = {isa = PBXFileReference; fileEncoding = 4; lastKnownFileType = sourcecode.c.objc; path = RotatableNavController.m; sourceTree = "<group>"; };
		C37494FC17E5418F005B7B00 /* Varela-Regular.ttf */ = {isa = PBXFileReference; lastKnownFileType = file; path = "Varela-Regular.ttf"; sourceTree = "<group>"; };
		C37494FE17E542AB005B7B00 /* VarelaRound-Regular.ttf */ = {isa = PBXFileReference; lastKnownFileType = file; path = "VarelaRound-Regular.ttf"; sourceTree = "<group>"; };
		C375F4C017F739B30003D582 /* CoreData.framework */ = {isa = PBXFileReference; lastKnownFileType = wrapper.framework; name = CoreData.framework; path = System/Library/Frameworks/CoreData.framework; sourceTree = SDKROOT; };
		C375F4C317F73A450003D582 /* libz.dylib */ = {isa = PBXFileReference; lastKnownFileType = "compiled.mach-o.dylib"; name = libz.dylib; path = usr/lib/libz.dylib; sourceTree = SDKROOT; };
		C375F4D017F73D1F0003D582 /* AdSupport.framework */ = {isa = PBXFileReference; lastKnownFileType = wrapper.framework; name = AdSupport.framework; path = System/Library/Frameworks/AdSupport.framework; sourceTree = SDKROOT; };
		C375F4DB17F766370003D582 /* EventKit.framework */ = {isa = PBXFileReference; lastKnownFileType = wrapper.framework; name = EventKit.framework; path = System/Library/Frameworks/EventKit.framework; sourceTree = SDKROOT; };
		C3814B8517FF6C9F00EB4618 /* Ubuntu-Light.ttf */ = {isa = PBXFileReference; lastKnownFileType = file; path = "Ubuntu-Light.ttf"; sourceTree = "<group>"; };
		C3814B8617FF6C9F00EB4618 /* Ubuntu-Medium.ttf */ = {isa = PBXFileReference; lastKnownFileType = file; path = "Ubuntu-Medium.ttf"; sourceTree = "<group>"; };
		C3814B8717FF6C9F00EB4618 /* Ubuntu-Regular.ttf */ = {isa = PBXFileReference; lastKnownFileType = file; path = "Ubuntu-Regular.ttf"; sourceTree = "<group>"; };
		C3814B8C17FF813500EB4618 /* logomark.png */ = {isa = PBXFileReference; lastKnownFileType = image.png; path = logomark.png; sourceTree = "<group>"; };
		C3814BDE1800B01700EB4618 /* Security.framework */ = {isa = PBXFileReference; lastKnownFileType = wrapper.framework; name = Security.framework; path = System/Library/Frameworks/Security.framework; sourceTree = SDKROOT; };
		C3814BE01800B02400EB4618 /* MobileCoreServices.framework */ = {isa = PBXFileReference; lastKnownFileType = wrapper.framework; name = MobileCoreServices.framework; path = System/Library/Frameworks/MobileCoreServices.framework; sourceTree = SDKROOT; };
		C3814BE31800B04700EB4618 /* CoreTelephony.framework */ = {isa = PBXFileReference; lastKnownFileType = wrapper.framework; name = CoreTelephony.framework; path = System/Library/Frameworks/CoreTelephony.framework; sourceTree = SDKROOT; };
		C3814BE91800B1BA00EB4618 /* libUAirship-3.0.0.a */ = {isa = PBXFileReference; lastKnownFileType = archive.ar; name = "libUAirship-3.0.0.a"; path = "../Airship/libUAirship-3.0.0.a"; sourceTree = "<group>"; };
		C3A9ED6317B8653200866C97 /* BreeSerif-Regular.otf */ = {isa = PBXFileReference; lastKnownFileType = file; path = "BreeSerif-Regular.otf"; sourceTree = "<group>"; };
		C3B6F81C1F4A0571004ED279 /* FontAwesome.ttf */ = {isa = PBXFileReference; lastKnownFileType = file; path = FontAwesome.ttf; sourceTree = "<group>"; };
		C3D5269B13D215F700458496 /* sluh_front.jpg */ = {isa = PBXFileReference; lastKnownFileType = image.jpeg; path = sluh_front.jpg; sourceTree = "<group>"; };
		C3F9B42917DBCAD900F1DF1D /* Images.xcassets */ = {isa = PBXFileReference; lastKnownFileType = folder.assetcatalog; path = Images.xcassets; sourceTree = "<group>"; };
		F57D7F4759C57C51F8B330F1 /* Pods-iSLUH.release.xcconfig */ = {isa = PBXFileReference; includeInIndex = 1; lastKnownFileType = text.xcconfig; name = "Pods-iSLUH.release.xcconfig"; path = "Pods/Target Support Files/Pods-iSLUH/Pods-iSLUH.release.xcconfig"; sourceTree = "<group>"; };
		FD0E3A33E12F5B993EA6CF0E /* Pods_iSLUH.framework */ = {isa = PBXFileReference; explicitFileType = wrapper.framework; includeInIndex = 0; path = Pods_iSLUH.framework; sourceTree = BUILT_PRODUCTS_DIR; };
/* End PBXFileReference section */

/* Begin PBXFrameworksBuildPhase section */
		1D60588F0D05DD3D006BFB54 /* Frameworks */ = {
			isa = PBXFrameworksBuildPhase;
			buildActionMask = 2147483647;
			files = (
				C32EBF12180A520B006A9C53 /* libKal.a in Frameworks */,
				C3814BE41800B04700EB4618 /* CoreTelephony.framework in Frameworks */,
				C3814BE21800B03600EB4618 /* libsqlite3.dylib in Frameworks */,
				C3814BE11800B02400EB4618 /* MobileCoreServices.framework in Frameworks */,
				C3814BDF1800B01800EB4618 /* Security.framework in Frameworks */,
				C375F4DC17F766370003D582 /* EventKit.framework in Frameworks */,
				C375F4D117F73D1F0003D582 /* AdSupport.framework in Frameworks */,
				C375F4C117F739B30003D582 /* CoreData.framework in Frameworks */,
				C375F4C417F73A450003D582 /* libz.dylib in Frameworks */,
				C329A02213CFB8A9001928A5 /* MessageUI.framework in Frameworks */,
				C329A02013CFB8A2001928A5 /* CFNetwork.framework in Frameworks */,
				C329A01E13CFB88F001928A5 /* MapKit.framework in Frameworks */,
				C329A01C13CFB888001928A5 /* SystemConfiguration.framework in Frameworks */,
				C329A01A13CFB881001928A5 /* CoreLocation.framework in Frameworks */,
				C329A01813CFB878001928A5 /* QuartzCore.framework in Frameworks */,
				1D60589F0D05DD5A006BFB54 /* Foundation.framework in Frameworks */,
				1DF5F4E00D08C38300B7A737 /* UIKit.framework in Frameworks */,
				288765FD0DF74451002DB57D /* CoreGraphics.framework in Frameworks */,
				DB2AC9E7EC8B13538063AB8F /* Pods_iSLUH.framework in Frameworks */,
			);
			runOnlyForDeploymentPostprocessing = 0;
		};
/* End PBXFrameworksBuildPhase section */

/* Begin PBXGroup section */
		080E96DDFE201D6D7F000001 /* iSLUH */ = {
			isa = PBXGroup;
			children = (
				C32EBE3C180A33BF006A9C53 /* AppDelegate.h */,
				C32EBE3D180A33BF006A9C53 /* AppDelegate.m */,
				C32EBE3F180A34C9006A9C53 /* MainScreen.h */,
				C32EBE40180A34C9006A9C53 /* MainScreen.m */,
				C32EBE41180A34C9006A9C53 /* MainScreen.xib */,
				C3299FAE13CFB6A8001928A5 /* Calendar */,
				C3299FBA13CFB731001928A5 /* Map */,
				C3299FF113CFB7CD001928A5 /* Games */,
				C32EBE8A180A35CC006A9C53 /* Info.h */,
				C32EBE8B180A35CC006A9C53 /* Info.m */,
				C32EBE8C180A35CC006A9C53 /* Info.xib */,
				C32EBE8D180A35CC006A9C53 /* Sports.h */,
				C32EBE8E180A35CC006A9C53 /* Sports.m */,
				C32EBE8F180A35CC006A9C53 /* Sports.xib */,
				C32EBE94180A35DD006A9C53 /* CampusMinistry.h */,
				C32EBE95180A35DD006A9C53 /* CampusMinistry.m */,
				C32EBE96180A35DD006A9C53 /* CampusMinistry.xib */,
				C32EBE97180A35DD006A9C53 /* MoreResources.h */,
				C32EBE98180A35DD006A9C53 /* MoreResources.m */,
				C32EBE99180A35DD006A9C53 /* MoreResources.xib */,
			);
			path = iSLUH;
			sourceTree = "<group>";
		};
		19C28FACFE9D520D11CA2CBB /* Products */ = {
			isa = PBXGroup;
			children = (
				1D6058910D05DD3D006BFB54 /* iSLUH.app */,
			);
			name = Products;
			sourceTree = "<group>";
		};
		29B97314FDCFA39411CA2CEA = {
			isa = PBXGroup;
			children = (
				C32EBF10180A5156006A9C53 /* Kal.bundle */,
				C32EBF08180A50E9006A9C53 /* Kal.xcodeproj */,
				080E96DDFE201D6D7F000001 /* iSLUH */,
				29B97315FDCFA39411CA2CEA /* Other Sources */,
				29B97317FDCFA39411CA2CEA /* Resources */,
				C344464D13CFA3EB00397E3C /* iPad */,
				29B97323FDCFA39411CA2CEA /* Frameworks */,
				19C28FACFE9D520D11CA2CBB /* Products */,
				6AFF95FD473120038504DB0A /* Pods */,
			);
			name = CustomTemplate;
			sourceTree = "<group>";
		};
		29B97315FDCFA39411CA2CEA /* Other Sources */ = {
			isa = PBXGroup;
			children = (
				C359B8581814AAB000E2CA8B /* RotatableNavController.h */,
				C359B8591814AAB000E2CA8B /* RotatableNavController.m */,
				C35949EB1818BD1100659156 /* NSMutableArray+Shuffling.h */,
				C35949EC1818BD1100659156 /* NSMutableArray+Shuffling.m */,
				C32EBE9E180A35FF006A9C53 /* MKTickerView.h */,
				C32EBE9F180A35FF006A9C53 /* MKTickerView.m */,
				C35949E41818A07E00659156 /* Reachability.h */,
				C35949E51818A07E00659156 /* Reachability.m */,
				C31F589F17EE50150064271A /* PBWebViewController */,
				533B282811E2D35200B3CC07 /* JSON */,
				C32EBEBF180A364B006A9C53 /* Appirater.h */,
				C32EBEC0180A364B006A9C53 /* Appirater.m */,
				C32EBEC5180A365B006A9C53 /* GradientButton.h */,
				C32EBEC6180A365B006A9C53 /* GradientButton.m */,
				C32EBEC7180A365B006A9C53 /* GradientButton.xib */,
				32CA4F630368D1EE00C91783 /* iSLUH_Prefix.pch */,
				29B97316FDCFA39411CA2CEA /* main.m */,
			);
			path = "Other Sources";
			sourceTree = "<group>";
		};
		29B97317FDCFA39411CA2CEA /* Resources */ = {
			isa = PBXGroup;
			children = (
				C3A9ED5A17B8649900866C97 /* App Icons */,
				C3F9B42B17DBCCC200F1DF1D /* Launch Images */,
				C3299F8F13CFB5FC001928A5 /* Home Images */,
				C374950A17E57DC1005B7B00 /* Fonts */,
				C3F9B42917DBCAD900F1DF1D /* Images.xcassets */,
				C32EBEDA180A3782006A9C53 /* Convenience.h */,
				C32EBEDB180A3782006A9C53 /* Convenience.m */,
				8D1107310486CEB800E47090 /* iSLUH-Info.plist */,
				C32EBED4180A3778006A9C53 /* NSURL+SLUHCustom.h */,
				C32EBED5180A3778006A9C53 /* NSURL+SLUHCustom.m */,
				C32EBED6180A3778006A9C53 /* UIColor+SLUHCustom.h */,
				C32EBED7180A3778006A9C53 /* UIColor+SLUHCustom.m */,
			);
			path = Resources;
			sourceTree = "<group>";
		};
		29B97323FDCFA39411CA2CEA /* Frameworks */ = {
			isa = PBXGroup;
			children = (
				C32EBEE6180A37EB006A9C53 /* Kal.bundle */,
				C3814BE91800B1BA00EB4618 /* libUAirship-3.0.0.a */,
				C3814BE31800B04700EB4618 /* CoreTelephony.framework */,
				C3814BE01800B02400EB4618 /* MobileCoreServices.framework */,
				C3814BDE1800B01700EB4618 /* Security.framework */,
				C375F4DB17F766370003D582 /* EventKit.framework */,
				C375F4D017F73D1F0003D582 /* AdSupport.framework */,
				C375F4C017F739B30003D582 /* CoreData.framework */,
				C329A02113CFB8A9001928A5 /* MessageUI.framework */,
				C329A01F13CFB8A2001928A5 /* CFNetwork.framework */,
				C329A01D13CFB88F001928A5 /* MapKit.framework */,
				C329A01B13CFB888001928A5 /* SystemConfiguration.framework */,
				C329A01913CFB880001928A5 /* CoreLocation.framework */,
				C329A01713CFB878001928A5 /* QuartzCore.framework */,
				533B285211E2D42300B3CC07 /* libsqlite3.dylib */,
				C375F4C317F73A450003D582 /* libz.dylib */,
				1DF5F4DF0D08C38300B7A737 /* UIKit.framework */,
				1D30AB110D05D00D00671497 /* Foundation.framework */,
				288765FC0DF74451002DB57D /* CoreGraphics.framework */,
				FD0E3A33E12F5B993EA6CF0E /* Pods_iSLUH.framework */,
			);
			name = Frameworks;
			sourceTree = "<group>";
		};
		533B282811E2D35200B3CC07 /* JSON */ = {
			isa = PBXGroup;
			children = (
				C32EBEAC180A3638006A9C53 /* JSON.h */,
				C32EBEAD180A3638006A9C53 /* NSObject+SBJSON.h */,
				C32EBEAE180A3638006A9C53 /* NSObject+SBJSON.m */,
				C32EBEAF180A3638006A9C53 /* NSString+SBJSON.h */,
				C32EBEB0180A3638006A9C53 /* NSString+SBJSON.m */,
				C32EBEB1180A3638006A9C53 /* SBJSON.h */,
				C32EBEB2180A3638006A9C53 /* SBJSON.m */,
				C32EBEB3180A3638006A9C53 /* SBJsonBase.h */,
				C32EBEB4180A3638006A9C53 /* SBJsonBase.m */,
				C32EBEB5180A3638006A9C53 /* SBJsonParser.h */,
				C32EBEB6180A3638006A9C53 /* SBJsonParser.m */,
				C32EBEB7180A3638006A9C53 /* SBJsonWriter.h */,
				C32EBEB8180A3638006A9C53 /* SBJsonWriter.m */,
			);
			path = JSON;
			sourceTree = "<group>";
		};
		6AFF95FD473120038504DB0A /* Pods */ = {
			isa = PBXGroup;
			children = (
				C0D77313C7B6B54293F1234C /* Pods-iSLUH.debug.xcconfig */,
				F57D7F4759C57C51F8B330F1 /* Pods-iSLUH.release.xcconfig */,
			);
			name = Pods;
			sourceTree = "<group>";
		};
		C31F589017EE45E30064271A /* iPhone */ = {
			isa = PBXGroup;
			children = (
				C32EBF13180A61D1006A9C53 /* calendar.png */,
				C32EBF14180A61D1006A9C53 /* calendar@2x.png */,
				C32EBF15180A61D1006A9C53 /* games.png */,
				C32EBF16180A61D1006A9C53 /* games@2x.png */,
				C32EBF17180A61D1006A9C53 /* grades.png */,
				C32EBF18180A61D1006A9C53 /* grades@2x.png */,
				C32EBF19180A61D1006A9C53 /* mail.png */,
				C32EBF1A180A61D1006A9C53 /* mail@2x.png */,
				C32EBF1B180A61D1006A9C53 /* maps.png */,
				C32EBF1C180A61D1006A9C53 /* maps@2x.png */,
				C32EBF1D180A61D1006A9C53 /* moodle.png */,
				C32EBF1E180A61D1006A9C53 /* moodle@2x.png */,
				C32EBF1F180A61D1006A9C53 /* news.png */,
				C32EBF20180A61D1006A9C53 /* news@2x.png */,
				C32EBF21180A61D1006A9C53 /* sports.png */,
				C32EBF22180A61D1006A9C53 /* sports@2x.png */,
			);
			path = iPhone;
			sourceTree = "<group>";
		};
		C31F589F17EE50150064271A /* PBWebViewController */ = {
			isa = PBXGroup;
			children = (
				C32EBEE3180A37B1006A9C53 /* PBSafariActivity.h */,
				C32EBEE4180A37B1006A9C53 /* PBSafariActivity.m */,
				C32EBEA1180A3615006A9C53 /* PBWebViewController.h */,
				C32EBEA2180A3615006A9C53 /* PBWebViewController.m */,
				C32EBEA3180A3615006A9C53 /* Safari@2x~ipad.png */,
				C32EBEA4180A3615006A9C53 /* Safari@2x~iphone.png */,
				C32EBEA5180A3615006A9C53 /* Safari~ipad.png */,
				C32EBEA6180A3615006A9C53 /* Safari~iphone.png */,
			);
			path = PBWebViewController;
			sourceTree = "<group>";
		};
		C3299F8F13CFB5FC001928A5 /* Home Images */ = {
			isa = PBXGroup;
			children = (
				C31F589017EE45E30064271A /* iPhone */,
				C3D5269B13D215F700458496 /* sluh_front.jpg */,
			);
			path = "Home Images";
			sourceTree = "<group>";
		};
		C3299FAE13CFB6A8001928A5 /* Calendar */ = {
			isa = PBXGroup;
			children = (
				C32EBE44180A34E3006A9C53 /* Calendar.h */,
				C32EBE45180A34E3006A9C53 /* Calendar.m */,
				C32EBE4C180A351B006A9C53 /* HolidayJSONDataSource.h */,
				C32EBE4D180A351B006A9C53 /* HolidayJSONDataSource.m */,
				C32EBE4E180A351B006A9C53 /* HolidaysDetailViewController.h */,
				C32EBE4F180A351B006A9C53 /* HolidaysDetailViewController.m */,
				C32EBE52180A352A006A9C53 /* CalendarDetailPad.h */,
				C32EBE53180A352A006A9C53 /* CalendarDetailPad.m */,
				C32EBE54180A352A006A9C53 /* CalendarDetailPad.xib */,
				C32EBE55180A352A006A9C53 /* CalendarDetailPhone.h */,
				C32EBE56180A352A006A9C53 /* CalendarDetailPhone.m */,
				C32EBE57180A352A006A9C53 /* CalendarDetailPhone.xib */,
			);
			path = Calendar;
			sourceTree = "<group>";
		};
		C3299FBA13CFB731001928A5 /* Map */ = {
			isa = PBXGroup;
			children = (
				C32EBE5C180A3556006A9C53 /* AdoptAnnotation.h */,
				C32EBE5D180A3556006A9C53 /* AdoptAnnotation.m */,
				C32EBE5E180A3556006A9C53 /* Map.h */,
				C32EBE5F180A3556006A9C53 /* Map.m */,
				C32EBE60180A3556006A9C53 /* Map.xib */,
			);
			path = Map;
			sourceTree = "<group>";
		};
		C3299FF113CFB7CD001928A5 /* Games */ = {
			isa = PBXGroup;
			children = (
				C3299FF213CFB7D6001928A5 /* Flashcards */,
				C32EBE7B180A35A0006A9C53 /* DidYouKnow.h */,
				C32EBE7C180A35A0006A9C53 /* DidYouKnow.m */,
				C32EBE7D180A35A0006A9C53 /* DidYouKnow.xib */,
				C32EBE7E180A35A0006A9C53 /* DYKiPad.h */,
				C32EBE7F180A35A0006A9C53 /* DYKiPad.m */,
				C32EBE80180A35A0006A9C53 /* DYKiPad.xib */,
				C32EBE81180A35A0006A9C53 /* GamesIndex.h */,
				C32EBE82180A35A0006A9C53 /* GamesIndex.m */,
				C32EBE83180A35A0006A9C53 /* GamesIndex.xib */,
			);
			path = Games;
			sourceTree = "<group>";
		};
		C3299FF213CFB7D6001928A5 /* Flashcards */ = {
			isa = PBXGroup;
			children = (
				C32EBE64180A356F006A9C53 /* FlashCardsVCiPad.h */,
				C32EBE65180A356F006A9C53 /* FlashCardsVCiPad.m */,
				C32EBE66180A356F006A9C53 /* FlashCardsVCiPad.xib */,
				C32EBE67180A356F006A9C53 /* FlashCardsViewController.h */,
				C32EBE68180A356F006A9C53 /* FlashCardsViewController.m */,
				C32EBE69180A356F006A9C53 /* FlashCardsViewController.xib */,
				C32EBE6E180A358A006A9C53 /* CreateCardsVCiPad.h */,
				C32EBE6F180A358A006A9C53 /* CreateCardsVCiPad.m */,
				C32EBE70180A358A006A9C53 /* CreateCardsVCiPad.xib */,
				C32EBE71180A358A006A9C53 /* CreateCardViewController.h */,
				C32EBE72180A358A006A9C53 /* CreateCardViewController.m */,
				C32EBE73180A358A006A9C53 /* CreateCardViewController.xib */,
				C32EBE74180A358A006A9C53 /* FlashCard.h */,
				C32EBE75180A358A006A9C53 /* FlashCard.m */,
			);
			path = Flashcards;
			sourceTree = "<group>";
		};
		C32EBF09180A50E9006A9C53 /* Products */ = {
			isa = PBXGroup;
			children = (
				C32EBF0D180A50EA006A9C53 /* libKal.a */,
			);
			name = Products;
			sourceTree = "<group>";
		};
		C344464D13CFA3EB00397E3C /* iPad */ = {
			isa = PBXGroup;
			children = (
				C35949D21818508900659156 /* Home Screen Icons */,
				C32EBECA180A3673006A9C53 /* Info-iPad.h */,
				C32EBECB180A3673006A9C53 /* Info-iPad.m */,
				C32EBECC180A3673006A9C53 /* Info-iPad.xib */,
				C32EBECD180A3673006A9C53 /* MainScreeniPad.h */,
				C32EBECE180A3673006A9C53 /* MainScreeniPad.m */,
				C32EBECF180A3673006A9C53 /* MainScreeniPad.xib */,
			);
			path = iPad;
			sourceTree = "<group>";
		};
		C35949D21818508900659156 /* Home Screen Icons */ = {
			isa = PBXGroup;
			children = (
				C32EBF331811E33A006A9C53 /* calendar_pad.png */,
				C32EBF341811E33A006A9C53 /* calendar_pad@2x.png */,
				C32EBF371811E847006A9C53 /* games_pad.png */,
				C32EBF381811E847006A9C53 /* games_pad@2x.png */,
				C32EBF3F1811E984006A9C53 /* grades_pad.png */,
				C32EBF401811E984006A9C53 /* grades_pad@2x.png */,
				C32EBF431811EA0F006A9C53 /* mail_pad.png */,
				C32EBF441811EA0F006A9C53 /* mail_pad@2x.png */,
				C32EBF471811EB2A006A9C53 /* maps_pad.png */,
				C32EBF481811EB2A006A9C53 /* maps_pad@2x.png */,
				C32EBF4B1811EBCC006A9C53 /* moodle_pad.png */,
				C32EBF4C1811EBCC006A9C53 /* moodle_pad@2x.png */,
				C32EBF4F1811EE12006A9C53 /* news_pad.png */,
				C32EBF501811EE12006A9C53 /* news_pad@2x.png */,
				C32EBF511811EE12006A9C53 /* sports_pad.png */,
				C32EBF521811EE12006A9C53 /* sports_pad@2x.png */,
			);
			path = "Home Screen Icons";
			sourceTree = "<group>";
		};
		C374950A17E57DC1005B7B00 /* Fonts */ = {
			isa = PBXGroup;
			children = (
				C3B6F81C1F4A0571004ED279 /* FontAwesome.ttf */,
				C3814B8517FF6C9F00EB4618 /* Ubuntu-Light.ttf */,
				C3814B8617FF6C9F00EB4618 /* Ubuntu-Medium.ttf */,
				C3814B8717FF6C9F00EB4618 /* Ubuntu-Regular.ttf */,
				C3A9ED6317B8653200866C97 /* BreeSerif-Regular.otf */,
				C37494FE17E542AB005B7B00 /* VarelaRound-Regular.ttf */,
				C37494FC17E5418F005B7B00 /* Varela-Regular.ttf */,
			);
			path = Fonts;
			sourceTree = "<group>";
		};
		C3A9ED5A17B8649900866C97 /* App Icons */ = {
			isa = PBXGroup;
			children = (
				C3814B8C17FF813500EB4618 /* logomark.png */,
			);
			path = "App Icons";
			sourceTree = "<group>";
		};
		C3F9B42B17DBCCC200F1DF1D /* Launch Images */ = {
			isa = PBXGroup;
			children = (
				C3594A07181ACD4C00659156 /* ipad-ret-landscape.png */,
				C3594A08181ACD4C00659156 /* ipad-ret-portrait.png */,
				C3594A09181ACD4C00659156 /* ipad-std-landscape.png */,
				C3594A0A181ACD4C00659156 /* ipad-std-portrait.png */,
				C3594A0B181ACD4C00659156 /* Default-568h@2x.png */,
				C3594A0C181ACD4D00659156 /* iphonelaunch3-5.png */,
			);
			path = "Launch Images";
			sourceTree = "<group>";
		};
/* End PBXGroup section */

/* Begin PBXNativeTarget section */
		1D6058900D05DD3D006BFB54 /* iSLUH */ = {
			isa = PBXNativeTarget;
			buildConfigurationList = 1D6058960D05DD3E006BFB54 /* Build configuration list for PBXNativeTarget "iSLUH" */;
			buildPhases = (
				38B4D1513652D87821E9EE6D /* [CP] Check Pods Manifest.lock */,
				1D60588D0D05DD3D006BFB54 /* Resources */,
				1D60588E0D05DD3D006BFB54 /* Sources */,
				1D60588F0D05DD3D006BFB54 /* Frameworks */,
				9BEF15C3F690A4FAB2B59159 /* [CP] Embed Pods Frameworks */,
				0CD215AE785FB0E2A469BCBF /* [CP] Copy Pods Resources */,
			);
			buildRules = (
			);
			dependencies = (
				C32EBF0F180A5105006A9C53 /* PBXTargetDependency */,
			);
			name = iSLUH;
			productName = Holiday;
			productReference = 1D6058910D05DD3D006BFB54 /* iSLUH.app */;
			productType = "com.apple.product-type.application";
		};
/* End PBXNativeTarget section */

/* Begin PBXProject section */
		29B97313FDCFA39411CA2CEA /* Project object */ = {
			isa = PBXProject;
			attributes = {
				LastUpgradeCheck = 0830;
				TargetAttributes = {
					1D6058900D05DD3D006BFB54 = {
						DevelopmentTeam = 79X9YF69H4;
					};
				};
			};
			buildConfigurationList = C01FCF4E08A954540054247B /* Build configuration list for PBXProject "iSLUH" */;
			compatibilityVersion = "Xcode 3.2";
			developmentRegion = English;
			hasScannedForEncodings = 1;
			knownRegions = (
				English,
				Japanese,
				French,
				German,
			);
			mainGroup = 29B97314FDCFA39411CA2CEA;
			productRefGroup = 19C28FACFE9D520D11CA2CBB /* Products */;
			projectDirPath = "";
			projectReferences = (
				{
					ProductGroup = C32EBF09180A50E9006A9C53 /* Products */;
					ProjectRef = C32EBF08180A50E9006A9C53 /* Kal.xcodeproj */;
				},
			);
			projectRoot = "";
			targets = (
				1D6058900D05DD3D006BFB54 /* iSLUH */,
			);
		};
/* End PBXProject section */

/* Begin PBXReferenceProxy section */
		C32EBF0D180A50EA006A9C53 /* libKal.a */ = {
			isa = PBXReferenceProxy;
			fileType = archive.ar;
			path = libKal.a;
			remoteRef = C32EBF0C180A50EA006A9C53 /* PBXContainerItemProxy */;
			sourceTree = BUILT_PRODUCTS_DIR;
		};
/* End PBXReferenceProxy section */

/* Begin PBXResourcesBuildPhase section */
		1D60588D0D05DD3D006BFB54 /* Resources */ = {
			isa = PBXResourcesBuildPhase;
			buildActionMask = 2147483647;
			files = (
				C35949EE1818BEFC00659156 /* sluh_front.jpg in Resources */,
				C35949D41818A03200659156 /* calendar_pad.png in Resources */,
				C35949D51818A03200659156 /* calendar_pad@2x.png in Resources */,
				C35949D61818A03200659156 /* games_pad.png in Resources */,
				C35949D71818A03200659156 /* games_pad@2x.png in Resources */,
				C35949D81818A03200659156 /* grades_pad.png in Resources */,
				C35949D91818A03200659156 /* grades_pad@2x.png in Resources */,
				C35949DA1818A03200659156 /* mail_pad.png in Resources */,
				C35949DB1818A03200659156 /* mail_pad@2x.png in Resources */,
				C35949DC1818A03200659156 /* maps_pad.png in Resources */,
				C35949DD1818A03200659156 /* maps_pad@2x.png in Resources */,
				C35949DE1818A03200659156 /* moodle_pad.png in Resources */,
				C35949DF1818A03200659156 /* moodle_pad@2x.png in Resources */,
				C35949E01818A03200659156 /* news_pad.png in Resources */,
				C35949E11818A03200659156 /* news_pad@2x.png in Resources */,
				C35949E21818A03200659156 /* sports_pad.png in Resources */,
				C35949E31818A03200659156 /* sports_pad@2x.png in Resources */,
				C3814B8D17FF813500EB4618 /* logomark.png in Resources */,
				C32EBE77180A358A006A9C53 /* CreateCardsVCiPad.xib in Resources */,
				C32EBEC9180A365B006A9C53 /* GradientButton.xib in Resources */,
				C32EBE6D180A356F006A9C53 /* FlashCardsViewController.xib in Resources */,
				C3594A10181ACD4D00659156 /* ipad-std-portrait.png in Resources */,
				C32EBE6B180A356F006A9C53 /* FlashCardsVCiPad.xib in Resources */,
				C32EBE59180A352A006A9C53 /* CalendarDetailPad.xib in Resources */,
				C3594A11181ACD4D00659156 /* Default-568h@2x.png in Resources */,
				C32EBF2F180A61D1006A9C53 /* news.png in Resources */,
				C32EBF30180A61D1006A9C53 /* news@2x.png in Resources */,
				C32EBF11180A5156006A9C53 /* Kal.bundle in Resources */,
				C32EBE89180A35A0006A9C53 /* GamesIndex.xib in Resources */,
				C32EBE93180A35CC006A9C53 /* Sports.xib in Resources */,
				C32EBF29180A61D1006A9C53 /* mail.png in Resources */,
				C32EBEAA180A3615006A9C53 /* Safari~ipad.png in Resources */,
				C32EBEA9180A3615006A9C53 /* Safari@2x~iphone.png in Resources */,
				C32EBE43180A34C9006A9C53 /* MainScreen.xib in Resources */,
				C32EBF24180A61D1006A9C53 /* calendar@2x.png in Resources */,
				C3814B8917FF6C9F00EB4618 /* Ubuntu-Medium.ttf in Resources */,
				C32EBE87180A35A0006A9C53 /* DYKiPad.xib in Resources */,
				C3594A0F181ACD4D00659156 /* ipad-std-landscape.png in Resources */,
				C32EBE9B180A35DD006A9C53 /* CampusMinistry.xib in Resources */,
				C32EBF27180A61D1006A9C53 /* grades.png in Resources */,
				C32EBE79180A358A006A9C53 /* CreateCardViewController.xib in Resources */,
				C32EBE91180A35CC006A9C53 /* Info.xib in Resources */,
				C37494FF17E542AB005B7B00 /* VarelaRound-Regular.ttf in Resources */,
				C32EBF26180A61D1006A9C53 /* games@2x.png in Resources */,
				C32EBF2C180A61D1006A9C53 /* maps@2x.png in Resources */,
				C32EBF2A180A61D1006A9C53 /* mail@2x.png in Resources */,
				C32EBEA8180A3615006A9C53 /* Safari@2x~ipad.png in Resources */,
				C32EBE63180A3556006A9C53 /* Map.xib in Resources */,
				C37494FD17E5418F005B7B00 /* Varela-Regular.ttf in Resources */,
				C32EBF2E180A61D1006A9C53 /* moodle@2x.png in Resources */,
				C3814B8817FF6C9F00EB4618 /* Ubuntu-Light.ttf in Resources */,
				C32EBF31180A61D1006A9C53 /* sports.png in Resources */,
				C32EBE85180A35A0006A9C53 /* DidYouKnow.xib in Resources */,
				C3594A0D181ACD4D00659156 /* ipad-ret-landscape.png in Resources */,
				C3B6F81D1F4A0571004ED279 /* FontAwesome.ttf in Resources */,
				C3594A0E181ACD4D00659156 /* ipad-ret-portrait.png in Resources */,
				C32EBED1180A3673006A9C53 /* Info-iPad.xib in Resources */,
				C3814B8A17FF6C9F00EB4618 /* Ubuntu-Regular.ttf in Resources */,
				C32EBE9D180A35DD006A9C53 /* MoreResources.xib in Resources */,
				C32EBF23180A61D1006A9C53 /* calendar.png in Resources */,
				C32EBEAB180A3615006A9C53 /* Safari~iphone.png in Resources */,
				C3594A12181ACD4D00659156 /* iphonelaunch3-5.png in Resources */,
				C32EBF2B180A61D1006A9C53 /* maps.png in Resources */,
				C32EBF28180A61D1006A9C53 /* grades@2x.png in Resources */,
				C32EBED3180A3673006A9C53 /* MainScreeniPad.xib in Resources */,
				C3F9B42A17DBCAD900F1DF1D /* Images.xcassets in Resources */,
				C3A9ED6417B8653200866C97 /* BreeSerif-Regular.otf in Resources */,
				C32EBF25180A61D1006A9C53 /* games.png in Resources */,
				C32EBF2D180A61D1006A9C53 /* moodle.png in Resources */,
				C32EBE5B180A352A006A9C53 /* CalendarDetailPhone.xib in Resources */,
				C32EBF32180A61D1006A9C53 /* sports@2x.png in Resources */,
			);
			runOnlyForDeploymentPostprocessing = 0;
		};
/* End PBXResourcesBuildPhase section */

/* Begin PBXShellScriptBuildPhase section */
		0CD215AE785FB0E2A469BCBF /* [CP] Copy Pods Resources */ = {
			isa = PBXShellScriptBuildPhase;
			buildActionMask = 2147483647;
			files = (
			);
			inputPaths = (
			);
			name = "[CP] Copy Pods Resources";
			outputPaths = (
			);
			runOnlyForDeploymentPostprocessing = 0;
			shellPath = /bin/sh;
			shellScript = "\"${SRCROOT}/Pods/Target Support Files/Pods-iSLUH/Pods-iSLUH-resources.sh\"\n";
			showEnvVarsInLog = 0;
		};
		38B4D1513652D87821E9EE6D /* [CP] Check Pods Manifest.lock */ = {
			isa = PBXShellScriptBuildPhase;
			buildActionMask = 2147483647;
			files = (
			);
			inputPaths = (
			);
			name = "[CP] Check Pods Manifest.lock";
			outputPaths = (
			);
			runOnlyForDeploymentPostprocessing = 0;
			shellPath = /bin/sh;
			shellScript = "diff \"${PODS_PODFILE_DIR_PATH}/Podfile.lock\" \"${PODS_ROOT}/Manifest.lock\" > /dev/null\nif [ $? != 0 ] ; then\n    # print error to STDERR\n    echo \"error: The sandbox is not in sync with the Podfile.lock. Run 'pod install' or update your CocoaPods installation.\" >&2\n    exit 1\nfi\n";
			showEnvVarsInLog = 0;
		};
		9BEF15C3F690A4FAB2B59159 /* [CP] Embed Pods Frameworks */ = {
			isa = PBXShellScriptBuildPhase;
			buildActionMask = 2147483647;
			files = (
			);
			inputPaths = (
			);
			name = "[CP] Embed Pods Frameworks";
			outputPaths = (
			);
			runOnlyForDeploymentPostprocessing = 0;
			shellPath = /bin/sh;
			shellScript = "\"${SRCROOT}/Pods/Target Support Files/Pods-iSLUH/Pods-iSLUH-frameworks.sh\"\n";
			showEnvVarsInLog = 0;
		};
/* End PBXShellScriptBuildPhase section */

/* Begin PBXSourcesBuildPhase section */
		1D60588E0D05DD3D006BFB54 /* Sources */ = {
			isa = PBXSourcesBuildPhase;
			buildActionMask = 2147483647;
			files = (
				C35949E81818A0F100659156 /* Reachability.m in Sources */,
				C35949D318189FCA00659156 /* RotatableNavController.m in Sources */,
				C32EBEA0180A35FF006A9C53 /* MKTickerView.m in Sources */,
				C32EBEBE180A3638006A9C53 /* SBJsonWriter.m in Sources */,
				C32EBE7A180A358A006A9C53 /* FlashCard.m in Sources */,
				C32EBED2180A3673006A9C53 /* MainScreeniPad.m in Sources */,
				C32EBEB9180A3638006A9C53 /* NSObject+SBJSON.m in Sources */,
				C32EBE50180A351B006A9C53 /* HolidayJSONDataSource.m in Sources */,
				1D60589B0D05DD56006BFB54 /* main.m in Sources */,
				C32EBEBA180A3638006A9C53 /* NSString+SBJSON.m in Sources */,
				C32EBE88180A35A0006A9C53 /* GamesIndex.m in Sources */,
				C32EBEC3180A364B006A9C53 /* Appirater.m in Sources */,
				C32EBEBD180A3638006A9C53 /* SBJsonParser.m in Sources */,
				C32EBEE5180A37B1006A9C53 /* PBSafariActivity.m in Sources */,
				C32EBE90180A35CC006A9C53 /* Info.m in Sources */,
				C32EBE5A180A352A006A9C53 /* CalendarDetailPhone.m in Sources */,
				C32EBE86180A35A0006A9C53 /* DYKiPad.m in Sources */,
				C35949ED1818BD1100659156 /* NSMutableArray+Shuffling.m in Sources */,
				C32EBE6A180A356F006A9C53 /* FlashCardsVCiPad.m in Sources */,
				C32EBE58180A352A006A9C53 /* CalendarDetailPad.m in Sources */,
				C32EBE61180A3556006A9C53 /* AdoptAnnotation.m in Sources */,
				C32EBE3E180A33BF006A9C53 /* AppDelegate.m in Sources */,
				C32EBE42180A34C9006A9C53 /* MainScreen.m in Sources */,
				C32EBEBB180A3638006A9C53 /* SBJSON.m in Sources */,
				C32EBE78180A358A006A9C53 /* CreateCardViewController.m in Sources */,
				C32EBE9C180A35DD006A9C53 /* MoreResources.m in Sources */,
				C32EBED8180A3778006A9C53 /* NSURL+SLUHCustom.m in Sources */,
				C32EBEE0180A3782006A9C53 /* Convenience.m in Sources */,
				C32EBE6C180A356F006A9C53 /* FlashCardsViewController.m in Sources */,
				C32EBE9A180A35DD006A9C53 /* CampusMinistry.m in Sources */,
				C32EBED0180A3673006A9C53 /* Info-iPad.m in Sources */,
				C32EBE76180A358A006A9C53 /* CreateCardsVCiPad.m in Sources */,
				C32EBEA7180A3615006A9C53 /* PBWebViewController.m in Sources */,
				C32EBE51180A351B006A9C53 /* HolidaysDetailViewController.m in Sources */,
				C32EBE84180A35A0006A9C53 /* DidYouKnow.m in Sources */,
				C32EBE62180A3556006A9C53 /* Map.m in Sources */,
				C32EBEC8180A365B006A9C53 /* GradientButton.m in Sources */,
				C32EBED9180A3778006A9C53 /* UIColor+SLUHCustom.m in Sources */,
				C32EBEBC180A3638006A9C53 /* SBJsonBase.m in Sources */,
				C32EBE92180A35CC006A9C53 /* Sports.m in Sources */,
				C32EBE46180A34E3006A9C53 /* Calendar.m in Sources */,
			);
			runOnlyForDeploymentPostprocessing = 0;
		};
/* End PBXSourcesBuildPhase section */

/* Begin PBXTargetDependency section */
		C32EBF0F180A5105006A9C53 /* PBXTargetDependency */ = {
			isa = PBXTargetDependency;
			name = Kal;
			targetProxy = C32EBF0E180A5105006A9C53 /* PBXContainerItemProxy */;
		};
/* End PBXTargetDependency section */

/* Begin XCBuildConfiguration section */
		1D6058940D05DD3E006BFB54 /* Debug */ = {
			isa = XCBuildConfiguration;
			baseConfigurationReference = C0D77313C7B6B54293F1234C /* Pods-iSLUH.debug.xcconfig */;
			buildSettings = {
				ALWAYS_SEARCH_USER_PATHS = NO;
				ASSETCATALOG_COMPILER_APPICON_NAME = AppIcon;
				ASSETCATALOG_COMPILER_LAUNCHIMAGE_NAME = LaunchImage;
				CLANG_ENABLE_MODULES = YES;
				CLANG_ENABLE_OBJC_ARC = YES;
				CODE_SIGN_IDENTITY = "iPhone Distribution: KAREN KAEMMERER-REICHOLD";
				COPY_PHASE_STRIP = NO;
				DEFINES_MODULE = NO;
				GCC_DYNAMIC_NO_PIC = NO;
				GCC_OPTIMIZATION_LEVEL = 0;
				GCC_PRECOMPILE_PREFIX_HEADER = YES;
				GCC_PREFIX_HEADER = "Other Sources/iSLUH_Prefix.pch";
				HEADER_SEARCH_PATHS = (
					"../Airship/**",
					../Kal/src,
					"$(inherited)",
					/Applications/Xcode.app/Contents/Developer/Toolchains/XcodeDefault.xctoolchain/usr/include,
				);
				INFOPLIST_FILE = "Resources/iSLUH-Info.plist";
				IPHONEOS_DEPLOYMENT_TARGET = 8.0;
				LIBRARY_SEARCH_PATHS = (
					"$(inherited)",
					"/Users/lukereichold/Dropbox/Development/iSLUH\\ Releases/iSLUH",
					"/Users/lukereichold/Dropbox/Development/iSLUH\\ Releases/Airship",
					"/Users/lukereichold/Dropbox/Development/iSLUH\\ Releases/Kal/src",
				);
				OTHER_LDFLAGS = (
					"-all_load",
					"-ObjC",
					"$(inherited)",
				);
				PRODUCT_BUNDLE_IDENTIFIER = "com.lukereichold.${PRODUCT_NAME:rfc1034identifier}";
				PRODUCT_NAME = iSLUH;
				PROVISIONING_PROFILE = "DAA17849-E611-4210-B834-F19A16E4BBFA";
				TARGETED_DEVICE_FAMILY = "1,2";
				USER_HEADER_SEARCH_PATHS = .;
			};
			name = Debug;
		};
		1D6058950D05DD3E006BFB54 /* Release */ = {
			isa = XCBuildConfiguration;
			baseConfigurationReference = F57D7F4759C57C51F8B330F1 /* Pods-iSLUH.release.xcconfig */;
			buildSettings = {
				ALWAYS_SEARCH_USER_PATHS = NO;
				ASSETCATALOG_COMPILER_APPICON_NAME = AppIcon;
				ASSETCATALOG_COMPILER_LAUNCHIMAGE_NAME = LaunchImage;
				CLANG_ENABLE_MODULES = YES;
				CLANG_ENABLE_OBJC_ARC = YES;
				CODE_SIGN_IDENTITY = "iPhone Distribution: KAREN KAEMMERER-REICHOLD";
				COPY_PHASE_STRIP = YES;
				DEFINES_MODULE = NO;
				GCC_PRECOMPILE_PREFIX_HEADER = YES;
				GCC_PREFIX_HEADER = "Other Sources/iSLUH_Prefix.pch";
				HEADER_SEARCH_PATHS = (
					"../Airship/**",
					../Kal/src,
					"$(inherited)",
					/Applications/Xcode.app/Contents/Developer/Toolchains/XcodeDefault.xctoolchain/usr/include,
				);
				INFOPLIST_FILE = "Resources/iSLUH-Info.plist";
				IPHONEOS_DEPLOYMENT_TARGET = 8.0;
				LIBRARY_SEARCH_PATHS = (
					"$(inherited)",
					"/Users/lukereichold/Dropbox/Development/iSLUH\\ Releases/iSLUH",
					"/Users/lukereichold/Dropbox/Development/iSLUH\\ Releases/Airship",
					"/Users/lukereichold/Dropbox/Development/iSLUH\\ Releases/Kal/src",
				);
				OTHER_LDFLAGS = (
					"-all_load",
					"-ObjC",
					"$(inherited)",
				);
				PRODUCT_BUNDLE_IDENTIFIER = "com.lukereichold.${PRODUCT_NAME:rfc1034identifier}";
				PRODUCT_NAME = iSLUH;
				PROVISIONING_PROFILE = "DAA17849-E611-4210-B834-F19A16E4BBFA";
				TARGETED_DEVICE_FAMILY = "1,2";
				USER_HEADER_SEARCH_PATHS = .;
				VALIDATE_PRODUCT = YES;
			};
			name = Release;
		};
		C01FCF4F08A954540054247B /* Debug */ = {
			isa = XCBuildConfiguration;
			buildSettings = {
				CLANG_ANALYZER_LOCALIZABILITY_NONLOCALIZED = YES;
				CLANG_WARN_BOOL_CONVERSION = YES;
				CLANG_WARN_CONSTANT_CONVERSION = YES;
				CLANG_WARN_EMPTY_BODY = YES;
				CLANG_WARN_ENUM_CONVERSION = YES;
				CLANG_WARN_INFINITE_RECURSION = YES;
				CLANG_WARN_INT_CONVERSION = YES;
				CLANG_WARN_SUSPICIOUS_MOVE = YES;
				CLANG_WARN_UNREACHABLE_CODE = YES;
				CLANG_WARN__DUPLICATE_METHOD_MATCH = YES;
				CODE_SIGN_IDENTITY = "iPhone Distribution: KAREN KAEMMERER-REICHOLD";
				"CODE_SIGN_IDENTITY[sdk=iphoneos*]" = "iPhone Distribution: KAREN KAEMMERER-REICHOLD";
				ENABLE_STRICT_OBJC_MSGSEND = YES;
				ENABLE_TESTABILITY = YES;
				GCC_C_LANGUAGE_STANDARD = c99;
				GCC_NO_COMMON_BLOCKS = YES;
				GCC_WARN_64_TO_32_BIT_CONVERSION = YES;
				GCC_WARN_ABOUT_RETURN_TYPE = YES;
				GCC_WARN_UNDECLARED_SELECTOR = YES;
				GCC_WARN_UNINITIALIZED_AUTOS = YES;
				GCC_WARN_UNUSED_FUNCTION = YES;
				GCC_WARN_UNUSED_VARIABLE = YES;
				HEADER_SEARCH_PATHS = (
					"$(inherited)",
					/Applications/Xcode.app/Contents/Developer/Toolchains/XcodeDefault.xctoolchain/usr/include,
				);
				IPHONEOS_DEPLOYMENT_TARGET = 9.0;
				ONLY_ACTIVE_ARCH = YES;
				OTHER_LDFLAGS = "-all_load";
				PREBINDING = NO;
				PROVISIONING_PROFILE = "DAA17849-E611-4210-B834-F19A16E4BBFA";
				SDKROOT = iphoneos;
				USER_HEADER_SEARCH_PATHS = ". ../Kal/src/**";
			};
			name = Debug;
		};
		C01FCF5008A954540054247B /* Release */ = {
			isa = XCBuildConfiguration;
			buildSettings = {
				CLANG_ANALYZER_LOCALIZABILITY_NONLOCALIZED = YES;
				CLANG_WARN_BOOL_CONVERSION = YES;
				CLANG_WARN_CONSTANT_CONVERSION = YES;
				CLANG_WARN_EMPTY_BODY = YES;
				CLANG_WARN_ENUM_CONVERSION = YES;
				CLANG_WARN_INFINITE_RECURSION = YES;
				CLANG_WARN_INT_CONVERSION = YES;
				CLANG_WARN_SUSPICIOUS_MOVE = YES;
				CLANG_WARN_UNREACHABLE_CODE = YES;
				CLANG_WARN__DUPLICATE_METHOD_MATCH = YES;
				CODE_SIGN_IDENTITY = "iPhone Distribution: KAREN KAEMMERER-REICHOLD";
				"CODE_SIGN_IDENTITY[sdk=iphoneos*]" = "iPhone Distribution: KAREN KAEMMERER-REICHOLD";
				ENABLE_STRICT_OBJC_MSGSEND = YES;
				GCC_C_LANGUAGE_STANDARD = c99;
				GCC_NO_COMMON_BLOCKS = YES;
				GCC_WARN_64_TO_32_BIT_CONVERSION = YES;
				GCC_WARN_ABOUT_RETURN_TYPE = YES;
				GCC_WARN_UNDECLARED_SELECTOR = YES;
				GCC_WARN_UNINITIALIZED_AUTOS = YES;
				GCC_WARN_UNUSED_FUNCTION = YES;
				GCC_WARN_UNUSED_VARIABLE = YES;
				HEADER_SEARCH_PATHS = (
					"$(inherited)",
					/Applications/Xcode.app/Contents/Developer/Toolchains/XcodeDefault.xctoolchain/usr/include,
				);
				IPHONEOS_DEPLOYMENT_TARGET = 9.0;
				OTHER_CFLAGS = "-DNS_BLOCK_ASSERTIONS=1";
				OTHER_LDFLAGS = "-all_load";
				PREBINDING = NO;
				PROVISIONING_PROFILE = "DAA17849-E611-4210-B834-F19A16E4BBFA";
				SDKROOT = iphoneos;
				USER_HEADER_SEARCH_PATHS = ". ../Kal/src/**";
			};
			name = Release;
		};
/* End XCBuildConfiguration section */

/* Begin XCConfigurationList section */
		1D6058960D05DD3E006BFB54 /* Build configuration list for PBXNativeTarget "iSLUH" */ = {
			isa = XCConfigurationList;
			buildConfigurations = (
				1D6058940D05DD3E006BFB54 /* Debug */,
				1D6058950D05DD3E006BFB54 /* Release */,
			);
			defaultConfigurationIsVisible = 0;
			defaultConfigurationName = Release;
		};
		C01FCF4E08A954540054247B /* Build configuration list for PBXProject "iSLUH" */ = {
			isa = XCConfigurationList;
			buildConfigurations = (
				C01FCF4F08A954540054247B /* Debug */,
				C01FCF5008A954540054247B /* Release */,
			);
			defaultConfigurationIsVisible = 0;
			defaultConfigurationName = Release;
		};
/* End XCConfigurationList section */
	};
	rootObject = 29B97313FDCFA39411CA2CEA /* Project object */;
}
